// !$*UTF8*$!
{
	archiveVersion = 1;
	classes = {
	};
	objectVersion = 56;
	objects = {

/* Begin PBXBuildFile section */
		871740472ED9610500161FC0 /* WhoTextedApp.swift in Sources */ = {isa = PBXBuildFile; fileRef = 871740462ED9610500161FC0 /* WhoTextedApp.swift */; };
		8717404B2ED9610600161FC0 /* Assets.xcassets in Resources */ = {isa = PBXBuildFile; fileRef = 8717404A2ED9610600161FC0 /* Assets.xcassets */; };
		8717404E2ED9610600161FC0 /* Preview Assets.xcassets in Resources */ = {isa = PBXBuildFile; fileRef = 8717404D2ED9610600161FC0 /* Preview Assets.xcassets */; };
		871740582ED9610600161FC0 /* WhoTextedTests.swift in Sources */ = {isa = PBXBuildFile; fileRef = 871740572ED9610600161FC0 /* WhoTextedTests.swift */; };
		871740622ED9610600161FC0 /* WhoTextedUITests.swift in Sources */ = {isa = PBXBuildFile; fileRef = 871740612ED9610600161FC0 /* WhoTextedUITests.swift */; };
		871740642ED9610600161FC0 /* WhoTextedUITestsLaunchTests.swift in Sources */ = {isa = PBXBuildFile; fileRef = 871740632ED9610600161FC0 /* WhoTextedUITestsLaunchTests.swift */; };
		871740782EDAB2A100161FC0 /* Player.swift in Sources */ = {isa = PBXBuildFile; fileRef = 871740772EDAB2A100161FC0 /* Player.swift */; };
		8717407B2EDAB2CE00161FC0 /* Room.swift in Sources */ = {isa = PBXBuildFile; fileRef = 8717407A2EDAB2CE00161FC0 /* Room.swift */; };
		8717407D2EDAB2D600161FC0 /* Prompt.swift in Sources */ = {isa = PBXBuildFile; fileRef = 8717407C2EDAB2D600161FC0 /* Prompt.swift */; };
		8717407F2EDAB2DF00161FC0 /* ChatMessage.swift in Sources */ = {isa = PBXBuildFile; fileRef = 8717407E2EDAB2DF00161FC0 /* ChatMessage.swift */; };
		871740812EDAB2E800161FC0 /* GameState.swift in Sources */ = {isa = PBXBuildFile; fileRef = 871740802EDAB2E800161FC0 /* GameState.swift */; };
		871740882EDAB57A00161FC0 /* HomeView.swift in Sources */ = {isa = PBXBuildFile; fileRef = 871740872EDAB57A00161FC0 /* HomeView.swift */; };
		8717408A2EDAB59600161FC0 /* LobbyView.swift in Sources */ = {isa = PBXBuildFile; fileRef = 871740892EDAB59600161FC0 /* LobbyView.swift */; };
		8717408C2EDAB5A900161FC0 /* GameView.swift in Sources */ = {isa = PBXBuildFile; fileRef = 8717408B2EDAB5A900161FC0 /* GameView.swift */; };
		871740902EDAB5D000161FC0 /* PromptCard.swift in Sources */ = {isa = PBXBuildFile; fileRef = 8717408F2EDAB5D000161FC0 /* PromptCard.swift */; };
		871740922EDAB5E200161FC0 /* ChatBubble.swift in Sources */ = {isa = PBXBuildFile; fileRef = 871740912EDAB5E200161FC0 /* ChatBubble.swift */; };
		871740942EDAB5F100161FC0 /* ChatScrollView.swift in Sources */ = {isa = PBXBuildFile; fileRef = 871740932EDAB5F100161FC0 /* ChatScrollView.swift */; };
		871740962EDAB60D00161FC0 /* MessageInputBar.swift in Sources */ = {isa = PBXBuildFile; fileRef = 871740952EDAB60D00161FC0 /* MessageInputBar.swift */; };
		87FA55352EDB775700A32E1C /* HomeViewModel.swift in Sources */ = {isa = PBXBuildFile; fileRef = 87FA55342EDB775700A32E1C /* HomeViewModel.swift */; };
		87FA55372EDB777A00A32E1C /* LobbyViewModel.swift in Sources */ = {isa = PBXBuildFile; fileRef = 87FA55362EDB777A00A32E1C /* LobbyViewModel.swift */; };
		87FA55392EDB78A600A32E1C /* GameViewModel.swift in Sources */ = {isa = PBXBuildFile; fileRef = 87FA55382EDB78A600A32E1C /* GameViewModel.swift */; };
		87FA553B2EDB799D00A32E1C /* WebSocketManager.swift in Sources */ = {isa = PBXBuildFile; fileRef = 87FA553A2EDB799D00A32E1C /* WebSocketManager.swift */; };
		87FA553D2EDB79BB00A32E1C /* ChatService.swift in Sources */ = {isa = PBXBuildFile; fileRef = 87FA553C2EDB79BB00A32E1C /* ChatService.swift */; };
		87FA553F2EDB7ACA00A32E1C /* BackendService.swift in Sources */ = {isa = PBXBuildFile; fileRef = 87FA553E2EDB7ACA00A32E1C /* BackendService.swift */; };
		87FA55412EDB7ADC00A32E1C /* RoomService.swift in Sources */ = {isa = PBXBuildFile; fileRef = 87FA55402EDB7ADC00A32E1C /* RoomService.swift */; };
		87FA55432EDB7AFE00A32E1C /* AnimalNameGenerator.swift in Sources */ = {isa = PBXBuildFile; fileRef = 87FA55422EDB7AFE00A32E1C /* AnimalNameGenerator.swift */; };
		87FA55452EDB8C5000A32E1C /* RoomJoinedResponse.swift in Sources */ = {isa = PBXBuildFile; fileRef = 87FA55442EDB8C5000A32E1C /* RoomJoinedResponse.swift */; };
		87FA55472EDB8E0300A32E1C /* ContentView.swift in Sources */ = {isa = PBXBuildFile; fileRef = 87FA55462EDB8E0300A32E1C /* ContentView.swift */; };
/* End PBXBuildFile section */

/* Begin PBXContainerItemProxy section */
		871740542ED9610600161FC0 /* PBXContainerItemProxy */ = {
			isa = PBXContainerItemProxy;
			containerPortal = 8717403B2ED9610500161FC0 /* Project object */;
			proxyType = 1;
			remoteGlobalIDString = 871740422ED9610500161FC0;
			remoteInfo = WhoTexted;
		};
		8717405E2ED9610600161FC0 /* PBXContainerItemProxy */ = {
			isa = PBXContainerItemProxy;
			containerPortal = 8717403B2ED9610500161FC0 /* Project object */;
			proxyType = 1;
			remoteGlobalIDString = 871740422ED9610500161FC0;
			remoteInfo = WhoTexted;
		};
/* End PBXContainerItemProxy section */

/* Begin PBXFileReference section */
		871740432ED9610500161FC0 /* WhoTexted.app */ = {isa = PBXFileReference; explicitFileType = wrapper.application; includeInIndex = 0; path = WhoTexted.app; sourceTree = BUILT_PRODUCTS_DIR; };
		871740462ED9610500161FC0 /* WhoTextedApp.swift */ = {isa = PBXFileReference; lastKnownFileType = sourcecode.swift; path = WhoTextedApp.swift; sourceTree = "<group>"; };
		8717404A2ED9610600161FC0 /* Assets.xcassets */ = {isa = PBXFileReference; lastKnownFileType = folder.assetcatalog; path = Assets.xcassets; sourceTree = "<group>"; };
		8717404D2ED9610600161FC0 /* Preview Assets.xcassets */ = {isa = PBXFileReference; lastKnownFileType = folder.assetcatalog; path = "Preview Assets.xcassets"; sourceTree = "<group>"; };
		871740532ED9610600161FC0 /* WhoTextedTests.xctest */ = {isa = PBXFileReference; explicitFileType = wrapper.cfbundle; includeInIndex = 0; path = WhoTextedTests.xctest; sourceTree = BUILT_PRODUCTS_DIR; };
		871740572ED9610600161FC0 /* WhoTextedTests.swift */ = {isa = PBXFileReference; lastKnownFileType = sourcecode.swift; path = WhoTextedTests.swift; sourceTree = "<group>"; };
		8717405D2ED9610600161FC0 /* WhoTextedUITests.xctest */ = {isa = PBXFileReference; explicitFileType = wrapper.cfbundle; includeInIndex = 0; path = WhoTextedUITests.xctest; sourceTree = BUILT_PRODUCTS_DIR; };
		871740612ED9610600161FC0 /* WhoTextedUITests.swift */ = {isa = PBXFileReference; lastKnownFileType = sourcecode.swift; path = WhoTextedUITests.swift; sourceTree = "<group>"; };
		871740632ED9610600161FC0 /* WhoTextedUITestsLaunchTests.swift */ = {isa = PBXFileReference; lastKnownFileType = sourcecode.swift; path = WhoTextedUITestsLaunchTests.swift; sourceTree = "<group>"; };
		871740772EDAB2A100161FC0 /* Player.swift */ = {isa = PBXFileReference; lastKnownFileType = sourcecode.swift; path = Player.swift; sourceTree = "<group>"; };
		8717407A2EDAB2CE00161FC0 /* Room.swift */ = {isa = PBXFileReference; lastKnownFileType = sourcecode.swift; path = Room.swift; sourceTree = "<group>"; };
		8717407C2EDAB2D600161FC0 /* Prompt.swift */ = {isa = PBXFileReference; lastKnownFileType = sourcecode.swift; path = Prompt.swift; sourceTree = "<group>"; };
		8717407E2EDAB2DF00161FC0 /* ChatMessage.swift */ = {isa = PBXFileReference; lastKnownFileType = sourcecode.swift; path = ChatMessage.swift; sourceTree = "<group>"; };
		871740802EDAB2E800161FC0 /* GameState.swift */ = {isa = PBXFileReference; lastKnownFileType = sourcecode.swift; path = GameState.swift; sourceTree = "<group>"; };
		871740872EDAB57A00161FC0 /* HomeView.swift */ = {isa = PBXFileReference; lastKnownFileType = sourcecode.swift; path = HomeView.swift; sourceTree = "<group>"; };
		871740892EDAB59600161FC0 /* LobbyView.swift */ = {isa = PBXFileReference; lastKnownFileType = sourcecode.swift; path = LobbyView.swift; sourceTree = "<group>"; };
		8717408B2EDAB5A900161FC0 /* GameView.swift */ = {isa = PBXFileReference; lastKnownFileType = sourcecode.swift; path = GameView.swift; sourceTree = "<group>"; };
		8717408F2EDAB5D000161FC0 /* PromptCard.swift */ = {isa = PBXFileReference; lastKnownFileType = sourcecode.swift; path = PromptCard.swift; sourceTree = "<group>"; };
		871740912EDAB5E200161FC0 /* ChatBubble.swift */ = {isa = PBXFileReference; lastKnownFileType = sourcecode.swift; path = ChatBubble.swift; sourceTree = "<group>"; };
		871740932EDAB5F100161FC0 /* ChatScrollView.swift */ = {isa = PBXFileReference; lastKnownFileType = sourcecode.swift; path = ChatScrollView.swift; sourceTree = "<group>"; };
		871740952EDAB60D00161FC0 /* MessageInputBar.swift */ = {isa = PBXFileReference; lastKnownFileType = sourcecode.swift; path = MessageInputBar.swift; sourceTree = "<group>"; };
		87FA55342EDB775700A32E1C /* HomeViewModel.swift */ = {isa = PBXFileReference; lastKnownFileType = sourcecode.swift; path = HomeViewModel.swift; sourceTree = "<group>"; };
		87FA55362EDB777A00A32E1C /* LobbyViewModel.swift */ = {isa = PBXFileReference; lastKnownFileType = sourcecode.swift; path = LobbyViewModel.swift; sourceTree = "<group>"; };
		87FA55382EDB78A600A32E1C /* GameViewModel.swift */ = {isa = PBXFileReference; lastKnownFileType = sourcecode.swift; path = GameViewModel.swift; sourceTree = "<group>"; };
		87FA553A2EDB799D00A32E1C /* WebSocketManager.swift */ = {isa = PBXFileReference; lastKnownFileType = sourcecode.swift; path = WebSocketManager.swift; sourceTree = "<group>"; };
		87FA553C2EDB79BB00A32E1C /* ChatService.swift */ = {isa = PBXFileReference; lastKnownFileType = sourcecode.swift; path = ChatService.swift; sourceTree = "<group>"; };
		87FA553E2EDB7ACA00A32E1C /* BackendService.swift */ = {isa = PBXFileReference; lastKnownFileType = sourcecode.swift; path = BackendService.swift; sourceTree = "<group>"; };
		87FA55402EDB7ADC00A32E1C /* RoomService.swift */ = {isa = PBXFileReference; lastKnownFileType = sourcecode.swift; path = RoomService.swift; sourceTree = "<group>"; };
		87FA55422EDB7AFE00A32E1C /* AnimalNameGenerator.swift */ = {isa = PBXFileReference; lastKnownFileType = sourcecode.swift; path = AnimalNameGenerator.swift; sourceTree = "<group>"; };
		87FA55442EDB8C5000A32E1C /* RoomJoinedResponse.swift */ = {isa = PBXFileReference; lastKnownFileType = sourcecode.swift; path = RoomJoinedResponse.swift; sourceTree = "<group>"; };
		87FA55462EDB8E0300A32E1C /* ContentView.swift */ = {isa = PBXFileReference; lastKnownFileType = sourcecode.swift; path = ContentView.swift; sourceTree = "<group>"; };
/* End PBXFileReference section */

/* Begin PBXFrameworksBuildPhase section */
		871740402ED9610500161FC0 /* Frameworks */ = {
			isa = PBXFrameworksBuildPhase;
			buildActionMask = 2147483647;
			files = (
			);
			runOnlyForDeploymentPostprocessing = 0;
		};
		871740502ED9610600161FC0 /* Frameworks */ = {
			isa = PBXFrameworksBuildPhase;
			buildActionMask = 2147483647;
			files = (
			);
			runOnlyForDeploymentPostprocessing = 0;
		};
		8717405A2ED9610600161FC0 /* Frameworks */ = {
			isa = PBXFrameworksBuildPhase;
			buildActionMask = 2147483647;
			files = (
			);
			runOnlyForDeploymentPostprocessing = 0;
		};
/* End PBXFrameworksBuildPhase section */

/* Begin PBXGroup section */
		8717403A2ED9610500161FC0 = {
			isa = PBXGroup;
			children = (
				871740452ED9610500161FC0 /* WhoTexted */,
				871740562ED9610600161FC0 /* WhoTextedTests */,
				871740602ED9610600161FC0 /* WhoTextedUITests */,
				871740442ED9610500161FC0 /* Products */,
			);
			sourceTree = "<group>";
		};
		871740442ED9610500161FC0 /* Products */ = {
			isa = PBXGroup;
			children = (
				871740432ED9610500161FC0 /* WhoTexted.app */,
				871740532ED9610600161FC0 /* WhoTextedTests.xctest */,
				8717405D2ED9610600161FC0 /* WhoTextedUITests.xctest */,
			);
			name = Products;
			sourceTree = "<group>";
		};
		871740452ED9610500161FC0 /* WhoTexted */ = {
			isa = PBXGroup;
			children = (
				871740762EDAB27E00161FC0 /* Resources */,
				871740752EDAB25100161FC0 /* Utilities */,
				871740742EDAB24900161FC0 /* Networking */,
				871740732EDAB24500161FC0 /* Services */,
				871740722EDAB23700161FC0 /* Views */,
				871740712EDAB23300161FC0 /* ViewModels */,
				871740702EDAB22D00161FC0 /* Models */,
				871740462ED9610500161FC0 /* WhoTextedApp.swift */,
				8717404A2ED9610600161FC0 /* Assets.xcassets */,
				8717404C2ED9610600161FC0 /* Preview Content */,
				87FA55462EDB8E0300A32E1C /* ContentView.swift */,
			);
			path = WhoTexted;
			sourceTree = "<group>";
		};
		8717404C2ED9610600161FC0 /* Preview Content */ = {
			isa = PBXGroup;
			children = (
				8717404D2ED9610600161FC0 /* Preview Assets.xcassets */,
			);
			path = "Preview Content";
			sourceTree = "<group>";
		};
		871740562ED9610600161FC0 /* WhoTextedTests */ = {
			isa = PBXGroup;
			children = (
				871740572ED9610600161FC0 /* WhoTextedTests.swift */,
			);
			path = WhoTextedTests;
			sourceTree = "<group>";
		};
		871740602ED9610600161FC0 /* WhoTextedUITests */ = {
			isa = PBXGroup;
			children = (
				871740612ED9610600161FC0 /* WhoTextedUITests.swift */,
				871740632ED9610600161FC0 /* WhoTextedUITestsLaunchTests.swift */,
			);
			path = WhoTextedUITests;
			sourceTree = "<group>";
		};
		871740702EDAB22D00161FC0 /* Models */ = {
			isa = PBXGroup;
			children = (
				871740772EDAB2A100161FC0 /* Player.swift */,
				8717407A2EDAB2CE00161FC0 /* Room.swift */,
				8717407C2EDAB2D600161FC0 /* Prompt.swift */,
				8717407E2EDAB2DF00161FC0 /* ChatMessage.swift */,
				871740802EDAB2E800161FC0 /* GameState.swift */,
				87FA55442EDB8C5000A32E1C /* RoomJoinedResponse.swift */,
			);
			path = Models;
			sourceTree = "<group>";
		};
		871740712EDAB23300161FC0 /* ViewModels */ = {
			isa = PBXGroup;
			children = (
				87FA55342EDB775700A32E1C /* HomeViewModel.swift */,
				87FA55362EDB777A00A32E1C /* LobbyViewModel.swift */,
				87FA55382EDB78A600A32E1C /* GameViewModel.swift */,
			);
			path = ViewModels;
			sourceTree = "<group>";
		};
		871740722EDAB23700161FC0 /* Views */ = {
			isa = PBXGroup;
			children = (
				871740862EDAB31E00161FC0 /* Shared */,
				871740852EDAB31700161FC0 /* EndGame */,
				871740842EDAB31200161FC0 /* Game */,
				871740832EDAB30E00161FC0 /* Lobby */,
				871740822EDAB30900161FC0 /* Home */,
			);
			path = Views;
			sourceTree = "<group>";
		};
		871740732EDAB24500161FC0 /* Services */ = {
			isa = PBXGroup;
			children = (
				87FA553C2EDB79BB00A32E1C /* ChatService.swift */,
				87FA553E2EDB7ACA00A32E1C /* BackendService.swift */,
				87FA55402EDB7ADC00A32E1C /* RoomService.swift */,
			);
			path = Services;
			sourceTree = "<group>";
		};
		871740742EDAB24900161FC0 /* Networking */ = {
			isa = PBXGroup;
			children = (
				87FA553A2EDB799D00A32E1C /* WebSocketManager.swift */,
			);
			path = Networking;
			sourceTree = "<group>";
		};
		871740752EDAB25100161FC0 /* Utilities */ = {
			isa = PBXGroup;
			children = (
				87FA55422EDB7AFE00A32E1C /* AnimalNameGenerator.swift */,
			);
			path = Utilities;
			sourceTree = "<group>";
		};
		871740762EDAB27E00161FC0 /* Resources */ = {
			isa = PBXGroup;
			children = (
			);
			path = Resources;
			sourceTree = "<group>";
		};
		871740822EDAB30900161FC0 /* Home */ = {
			isa = PBXGroup;
			children = (
				871740872EDAB57A00161FC0 /* HomeView.swift */,
			);
			path = Home;
			sourceTree = "<group>";
		};
		871740832EDAB30E00161FC0 /* Lobby */ = {
			isa = PBXGroup;
			children = (
				871740892EDAB59600161FC0 /* LobbyView.swift */,
			);
			path = Lobby;
			sourceTree = "<group>";
		};
		871740842EDAB31200161FC0 /* Game */ = {
			isa = PBXGroup;
			children = (
				8717408B2EDAB5A900161FC0 /* GameView.swift */,
				8717408F2EDAB5D000161FC0 /* PromptCard.swift */,
				871740912EDAB5E200161FC0 /* ChatBubble.swift */,
				871740932EDAB5F100161FC0 /* ChatScrollView.swift */,
				871740952EDAB60D00161FC0 /* MessageInputBar.swift */,
			);
			path = Game;
			sourceTree = "<group>";
		};
		871740852EDAB31700161FC0 /* EndGame */ = {
			isa = PBXGroup;
			children = (
			);
			path = EndGame;
			sourceTree = "<group>";
		};
		871740862EDAB31E00161FC0 /* Shared */ = {
			isa = PBXGroup;
			children = (
			);
			path = Shared;
			sourceTree = "<group>";
		};
/* End PBXGroup section */

/* Begin PBXNativeTarget section */
		871740422ED9610500161FC0 /* WhoTexted */ = {
			isa = PBXNativeTarget;
			buildConfigurationList = 871740672ED9610600161FC0 /* Build configuration list for PBXNativeTarget "WhoTexted" */;
			buildPhases = (
				8717403F2ED9610500161FC0 /* Sources */,
				871740402ED9610500161FC0 /* Frameworks */,
				871740412ED9610500161FC0 /* Resources */,
			);
			buildRules = (
			);
			dependencies = (
			);
			name = WhoTexted;
			productName = WhoTexted;
			productReference = 871740432ED9610500161FC0 /* WhoTexted.app */;
			productType = "com.apple.product-type.application";
		};
		871740522ED9610600161FC0 /* WhoTextedTests */ = {
			isa = PBXNativeTarget;
			buildConfigurationList = 8717406A2ED9610600161FC0 /* Build configuration list for PBXNativeTarget "WhoTextedTests" */;
			buildPhases = (
				8717404F2ED9610600161FC0 /* Sources */,
				871740502ED9610600161FC0 /* Frameworks */,
				871740512ED9610600161FC0 /* Resources */,
			);
			buildRules = (
			);
			dependencies = (
				871740552ED9610600161FC0 /* PBXTargetDependency */,
			);
			name = WhoTextedTests;
			productName = WhoTextedTests;
			productReference = 871740532ED9610600161FC0 /* WhoTextedTests.xctest */;
			productType = "com.apple.product-type.bundle.unit-test";
		};
		8717405C2ED9610600161FC0 /* WhoTextedUITests */ = {
			isa = PBXNativeTarget;
			buildConfigurationList = 8717406D2ED9610600161FC0 /* Build configuration list for PBXNativeTarget "WhoTextedUITests" */;
			buildPhases = (
				871740592ED9610600161FC0 /* Sources */,
				8717405A2ED9610600161FC0 /* Frameworks */,
				8717405B2ED9610600161FC0 /* Resources */,
			);
			buildRules = (
			);
			dependencies = (
				8717405F2ED9610600161FC0 /* PBXTargetDependency */,
			);
			name = WhoTextedUITests;
			productName = WhoTextedUITests;
			productReference = 8717405D2ED9610600161FC0 /* WhoTextedUITests.xctest */;
			productType = "com.apple.product-type.bundle.ui-testing";
		};
/* End PBXNativeTarget section */

/* Begin PBXProject section */
		8717403B2ED9610500161FC0 /* Project object */ = {
			isa = PBXProject;
			attributes = {
				BuildIndependentTargetsInParallel = 1;
				LastSwiftUpdateCheck = 1540;
				LastUpgradeCheck = 1540;
				TargetAttributes = {
					871740422ED9610500161FC0 = {
						CreatedOnToolsVersion = 15.4;
					};
					871740522ED9610600161FC0 = {
						CreatedOnToolsVersion = 15.4;
						TestTargetID = 871740422ED9610500161FC0;
					};
					8717405C2ED9610600161FC0 = {
						CreatedOnToolsVersion = 15.4;
						TestTargetID = 871740422ED9610500161FC0;
					};
				};
			};
			buildConfigurationList = 8717403E2ED9610500161FC0 /* Build configuration list for PBXProject "WhoTexted" */;
			compatibilityVersion = "Xcode 14.0";
			developmentRegion = en;
			hasScannedForEncodings = 0;
			knownRegions = (
				en,
				Base,
			);
			mainGroup = 8717403A2ED9610500161FC0;
			productRefGroup = 871740442ED9610500161FC0 /* Products */;
			projectDirPath = "";
			projectRoot = "";
			targets = (
				871740422ED9610500161FC0 /* WhoTexted */,
				871740522ED9610600161FC0 /* WhoTextedTests */,
				8717405C2ED9610600161FC0 /* WhoTextedUITests */,
			);
		};
/* End PBXProject section */

/* Begin PBXResourcesBuildPhase section */
		871740412ED9610500161FC0 /* Resources */ = {
			isa = PBXResourcesBuildPhase;
			buildActionMask = 2147483647;
			files = (
				8717404E2ED9610600161FC0 /* Preview Assets.xcassets in Resources */,
				8717404B2ED9610600161FC0 /* Assets.xcassets in Resources */,
			);
			runOnlyForDeploymentPostprocessing = 0;
		};
		871740512ED9610600161FC0 /* Resources */ = {
			isa = PBXResourcesBuildPhase;
			buildActionMask = 2147483647;
			files = (
			);
			runOnlyForDeploymentPostprocessing = 0;
		};
		8717405B2ED9610600161FC0 /* Resources */ = {
			isa = PBXResourcesBuildPhase;
			buildActionMask = 2147483647;
			files = (
			);
			runOnlyForDeploymentPostprocessing = 0;
		};
/* End PBXResourcesBuildPhase section */

/* Begin PBXSourcesBuildPhase section */
		8717403F2ED9610500161FC0 /* Sources */ = {
			isa = PBXSourcesBuildPhase;
			buildActionMask = 2147483647;
			files = (
				871740812EDAB2E800161FC0 /* GameState.swift in Sources */,
				871740942EDAB5F100161FC0 /* ChatScrollView.swift in Sources */,
				87FA55432EDB7AFE00A32E1C /* AnimalNameGenerator.swift in Sources */,
				87FA55372EDB777A00A32E1C /* LobbyViewModel.swift in Sources */,
				8717408A2EDAB59600161FC0 /* LobbyView.swift in Sources */,
				871740782EDAB2A100161FC0 /* Player.swift in Sources */,
				87FA553D2EDB79BB00A32E1C /* ChatService.swift in Sources */,
				8717408C2EDAB5A900161FC0 /* GameView.swift in Sources */,
				87FA55452EDB8C5000A32E1C /* RoomJoinedResponse.swift in Sources */,
				87FA55392EDB78A600A32E1C /* GameViewModel.swift in Sources */,
				8717407B2EDAB2CE00161FC0 /* Room.swift in Sources */,
				8717407F2EDAB2DF00161FC0 /* ChatMessage.swift in Sources */,
				871740922EDAB5E200161FC0 /* ChatBubble.swift in Sources */,
				871740882EDAB57A00161FC0 /* HomeView.swift in Sources */,
				871740962EDAB60D00161FC0 /* MessageInputBar.swift in Sources */,
				871740472ED9610500161FC0 /* WhoTextedApp.swift in Sources */,
				87FA55412EDB7ADC00A32E1C /* RoomService.swift in Sources */,
				87FA55472EDB8E0300A32E1C /* ContentView.swift in Sources */,
				87FA553B2EDB799D00A32E1C /* WebSocketManager.swift in Sources */,
				8717407D2EDAB2D600161FC0 /* Prompt.swift in Sources */,
				87FA553F2EDB7ACA00A32E1C /* BackendService.swift in Sources */,
				87FA55352EDB775700A32E1C /* HomeViewModel.swift in Sources */,
				871740902EDAB5D000161FC0 /* PromptCard.swift in Sources */,
			);
			runOnlyForDeploymentPostprocessing = 0;
		};
		8717404F2ED9610600161FC0 /* Sources */ = {
			isa = PBXSourcesBuildPhase;
			buildActionMask = 2147483647;
			files = (
				871740582ED9610600161FC0 /* WhoTextedTests.swift in Sources */,
			);
			runOnlyForDeploymentPostprocessing = 0;
		};
		871740592ED9610600161FC0 /* Sources */ = {
			isa = PBXSourcesBuildPhase;
			buildActionMask = 2147483647;
			files = (
				871740622ED9610600161FC0 /* WhoTextedUITests.swift in Sources */,
				871740642ED9610600161FC0 /* WhoTextedUITestsLaunchTests.swift in Sources */,
			);
			runOnlyForDeploymentPostprocessing = 0;
		};
/* End PBXSourcesBuildPhase section */

/* Begin PBXTargetDependency section */
		871740552ED9610600161FC0 /* PBXTargetDependency */ = {
			isa = PBXTargetDependency;
			target = 871740422ED9610500161FC0 /* WhoTexted */;
			targetProxy = 871740542ED9610600161FC0 /* PBXContainerItemProxy */;
		};
		8717405F2ED9610600161FC0 /* PBXTargetDependency */ = {
			isa = PBXTargetDependency;
			target = 871740422ED9610500161FC0 /* WhoTexted */;
			targetProxy = 8717405E2ED9610600161FC0 /* PBXContainerItemProxy */;
		};
/* End PBXTargetDependency section */

/* Begin XCBuildConfiguration section */
		871740652ED9610600161FC0 /* Debug */ = {
			isa = XCBuildConfiguration;
			buildSettings = {
				ALWAYS_SEARCH_USER_PATHS = NO;
				ASSETCATALOG_COMPILER_GENERATE_SWIFT_ASSET_SYMBOL_EXTENSIONS = YES;
				CLANG_ANALYZER_NONNULL = YES;
				CLANG_ANALYZER_NUMBER_OBJECT_CONVERSION = YES_AGGRESSIVE;
				CLANG_CXX_LANGUAGE_STANDARD = "gnu++20";
				CLANG_ENABLE_MODULES = YES;
				CLANG_ENABLE_OBJC_ARC = YES;
				CLANG_ENABLE_OBJC_WEAK = YES;
				CLANG_WARN_BLOCK_CAPTURE_AUTORELEASING = YES;
				CLANG_WARN_BOOL_CONVERSION = YES;
				CLANG_WARN_COMMA = YES;
				CLANG_WARN_CONSTANT_CONVERSION = YES;
				CLANG_WARN_DEPRECATED_OBJC_IMPLEMENTATIONS = YES;
				CLANG_WARN_DIRECT_OBJC_ISA_USAGE = YES_ERROR;
				CLANG_WARN_DOCUMENTATION_COMMENTS = YES;
				CLANG_WARN_EMPTY_BODY = YES;
				CLANG_WARN_ENUM_CONVERSION = YES;
				CLANG_WARN_INFINITE_RECURSION = YES;
				CLANG_WARN_INT_CONVERSION = YES;
				CLANG_WARN_NON_LITERAL_NULL_CONVERSION = YES;
				CLANG_WARN_OBJC_IMPLICIT_RETAIN_SELF = YES;
				CLANG_WARN_OBJC_LITERAL_CONVERSION = YES;
				CLANG_WARN_OBJC_ROOT_CLASS = YES_ERROR;
				CLANG_WARN_QUOTED_INCLUDE_IN_FRAMEWORK_HEADER = YES;
				CLANG_WARN_RANGE_LOOP_ANALYSIS = YES;
				CLANG_WARN_STRICT_PROTOTYPES = YES;
				CLANG_WARN_SUSPICIOUS_MOVE = YES;
				CLANG_WARN_UNGUARDED_AVAILABILITY = YES_AGGRESSIVE;
				CLANG_WARN_UNREACHABLE_CODE = YES;
				CLANG_WARN__DUPLICATE_METHOD_MATCH = YES;
				COPY_PHASE_STRIP = NO;
				DEBUG_INFORMATION_FORMAT = dwarf;
				ENABLE_STRICT_OBJC_MSGSEND = YES;
				ENABLE_TESTABILITY = YES;
				ENABLE_USER_SCRIPT_SANDBOXING = YES;
				GCC_C_LANGUAGE_STANDARD = gnu17;
				GCC_DYNAMIC_NO_PIC = NO;
				GCC_NO_COMMON_BLOCKS = YES;
				GCC_OPTIMIZATION_LEVEL = 0;
				GCC_PREPROCESSOR_DEFINITIONS = (
					"DEBUG=1",
					"$(inherited)",
				);
				GCC_WARN_64_TO_32_BIT_CONVERSION = YES;
				GCC_WARN_ABOUT_RETURN_TYPE = YES_ERROR;
				GCC_WARN_UNDECLARED_SELECTOR = YES;
				GCC_WARN_UNINITIALIZED_AUTOS = YES_AGGRESSIVE;
				GCC_WARN_UNUSED_FUNCTION = YES;
				GCC_WARN_UNUSED_VARIABLE = YES;
				IPHONEOS_DEPLOYMENT_TARGET = 17.5;
				LOCALIZATION_PREFERS_STRING_CATALOGS = YES;
				MTL_ENABLE_DEBUG_INFO = INCLUDE_SOURCE;
				MTL_FAST_MATH = YES;
				ONLY_ACTIVE_ARCH = YES;
				SDKROOT = iphoneos;
				SWIFT_ACTIVE_COMPILATION_CONDITIONS = "DEBUG $(inherited)";
				SWIFT_OPTIMIZATION_LEVEL = "-Onone";
			};
			name = Debug;
		};
		871740662ED9610600161FC0 /* Release */ = {
			isa = XCBuildConfiguration;
			buildSettings = {
				ALWAYS_SEARCH_USER_PATHS = NO;
				ASSETCATALOG_COMPILER_GENERATE_SWIFT_ASSET_SYMBOL_EXTENSIONS = YES;
				CLANG_ANALYZER_NONNULL = YES;
				CLANG_ANALYZER_NUMBER_OBJECT_CONVERSION = YES_AGGRESSIVE;
				CLANG_CXX_LANGUAGE_STANDARD = "gnu++20";
				CLANG_ENABLE_MODULES = YES;
				CLANG_ENABLE_OBJC_ARC = YES;
				CLANG_ENABLE_OBJC_WEAK = YES;
				CLANG_WARN_BLOCK_CAPTURE_AUTORELEASING = YES;
				CLANG_WARN_BOOL_CONVERSION = YES;
				CLANG_WARN_COMMA = YES;
				CLANG_WARN_CONSTANT_CONVERSION = YES;
				CLANG_WARN_DEPRECATED_OBJC_IMPLEMENTATIONS = YES;
				CLANG_WARN_DIRECT_OBJC_ISA_USAGE = YES_ERROR;
				CLANG_WARN_DOCUMENTATION_COMMENTS = YES;
				CLANG_WARN_EMPTY_BODY = YES;
				CLANG_WARN_ENUM_CONVERSION = YES;
				CLANG_WARN_INFINITE_RECURSION = YES;
				CLANG_WARN_INT_CONVERSION = YES;
				CLANG_WARN_NON_LITERAL_NULL_CONVERSION = YES;
				CLANG_WARN_OBJC_IMPLICIT_RETAIN_SELF = YES;
				CLANG_WARN_OBJC_LITERAL_CONVERSION = YES;
				CLANG_WARN_OBJC_ROOT_CLASS = YES_ERROR;
				CLANG_WARN_QUOTED_INCLUDE_IN_FRAMEWORK_HEADER = YES;
				CLANG_WARN_RANGE_LOOP_ANALYSIS = YES;
				CLANG_WARN_STRICT_PROTOTYPES = YES;
				CLANG_WARN_SUSPICIOUS_MOVE = YES;
				CLANG_WARN_UNGUARDED_AVAILABILITY = YES_AGGRESSIVE;
				CLANG_WARN_UNREACHABLE_CODE = YES;
				CLANG_WARN__DUPLICATE_METHOD_MATCH = YES;
				COPY_PHASE_STRIP = NO;
				DEBUG_INFORMATION_FORMAT = "dwarf-with-dsym";
				ENABLE_NS_ASSERTIONS = NO;
				ENABLE_STRICT_OBJC_MSGSEND = YES;
				ENABLE_USER_SCRIPT_SANDBOXING = YES;
				GCC_C_LANGUAGE_STANDARD = gnu17;
				GCC_NO_COMMON_BLOCKS = YES;
				GCC_WARN_64_TO_32_BIT_CONVERSION = YES;
				GCC_WARN_ABOUT_RETURN_TYPE = YES_ERROR;
				GCC_WARN_UNDECLARED_SELECTOR = YES;
				GCC_WARN_UNINITIALIZED_AUTOS = YES_AGGRESSIVE;
				GCC_WARN_UNUSED_FUNCTION = YES;
				GCC_WARN_UNUSED_VARIABLE = YES;
				IPHONEOS_DEPLOYMENT_TARGET = 17.5;
				LOCALIZATION_PREFERS_STRING_CATALOGS = YES;
				MTL_ENABLE_DEBUG_INFO = NO;
				MTL_FAST_MATH = YES;
				SDKROOT = iphoneos;
				SWIFT_COMPILATION_MODE = wholemodule;
				VALIDATE_PRODUCT = YES;
			};
			name = Release;
		};
		871740682ED9610600161FC0 /* Debug */ = {
			isa = XCBuildConfiguration;
			buildSettings = {
				ASSETCATALOG_COMPILER_APPICON_NAME = AppIcon;
				ASSETCATALOG_COMPILER_GLOBAL_ACCENT_COLOR_NAME = AccentColor;
				CODE_SIGN_STYLE = Automatic;
				CURRENT_PROJECT_VERSION = 1;
				DEVELOPMENT_ASSET_PATHS = "\"WhoTexted/Preview Content\"";
				DEVELOPMENT_TEAM = K388V9423D;
				ENABLE_PREVIEWS = YES;
				GENERATE_INFOPLIST_FILE = YES;
				INFOPLIST_KEY_UIApplicationSceneManifest_Generation = YES;
				INFOPLIST_KEY_UIApplicationSupportsIndirectInputEvents = YES;
				INFOPLIST_KEY_UILaunchScreen_Generation = YES;
				INFOPLIST_KEY_UISupportedInterfaceOrientations_iPad = "UIInterfaceOrientationPortrait UIInterfaceOrientationPortraitUpsideDown UIInterfaceOrientationLandscapeLeft UIInterfaceOrientationLandscapeRight";
				INFOPLIST_KEY_UISupportedInterfaceOrientations_iPhone = "UIInterfaceOrientationPortrait UIInterfaceOrientationLandscapeLeft UIInterfaceOrientationLandscapeRight";
				LD_RUNPATH_SEARCH_PATHS = (
					"$(inherited)",
					"@executable_path/Frameworks",
				);
				MARKETING_VERSION = 1.0;
				PRODUCT_BUNDLE_IDENTIFIER = akimender.WhoTexted;
				PRODUCT_NAME = "$(TARGET_NAME)";
				SWIFT_EMIT_LOC_STRINGS = YES;
				SWIFT_VERSION = 5.0;
				TARGETED_DEVICE_FAMILY = "1,2";
			};
			name = Debug;
		};
		871740692ED9610600161FC0 /* Release */ = {
			isa = XCBuildConfiguration;
			buildSettings = {
				ASSETCATALOG_COMPILER_APPICON_NAME = AppIcon;
				ASSETCATALOG_COMPILER_GLOBAL_ACCENT_COLOR_NAME = AccentColor;
				CODE_SIGN_STYLE = Automatic;
				CURRENT_PROJECT_VERSION = 1;
				DEVELOPMENT_ASSET_PATHS = "\"WhoTexted/Preview Content\"";
				DEVELOPMENT_TEAM = K388V9423D;
				ENABLE_PREVIEWS = YES;
				GENERATE_INFOPLIST_FILE = YES;
				INFOPLIST_KEY_UIApplicationSceneManifest_Generation = YES;
				INFOPLIST_KEY_UIApplicationSupportsIndirectInputEvents = YES;
				INFOPLIST_KEY_UILaunchScreen_Generation = YES;
				INFOPLIST_KEY_UISupportedInterfaceOrientations_iPad = "UIInterfaceOrientationPortrait UIInterfaceOrientationPortraitUpsideDown UIInterfaceOrientationLandscapeLeft UIInterfaceOrientationLandscapeRight";
				INFOPLIST_KEY_UISupportedInterfaceOrientations_iPhone = "UIInterfaceOrientationPortrait UIInterfaceOrientationLandscapeLeft UIInterfaceOrientationLandscapeRight";
				LD_RUNPATH_SEARCH_PATHS = (
					"$(inherited)",
					"@executable_path/Frameworks",
				);
				MARKETING_VERSION = 1.0;
				PRODUCT_BUNDLE_IDENTIFIER = akimender.WhoTexted;
				PRODUCT_NAME = "$(TARGET_NAME)";
				SWIFT_EMIT_LOC_STRINGS = YES;
				SWIFT_VERSION = 5.0;
				TARGETED_DEVICE_FAMILY = "1,2";
			};
			name = Release;
		};
		8717406B2ED9610600161FC0 /* Debug */ = {
			isa = XCBuildConfiguration;
			buildSettings = {
				ALWAYS_EMBED_SWIFT_STANDARD_LIBRARIES = YES;
				BUNDLE_LOADER = "$(TEST_HOST)";
				CODE_SIGN_STYLE = Automatic;
				CURRENT_PROJECT_VERSION = 1;
				DEVELOPMENT_TEAM = K388V9423D;
				GENERATE_INFOPLIST_FILE = YES;
				IPHONEOS_DEPLOYMENT_TARGET = 17.5;
				MARKETING_VERSION = 1.0;
				PRODUCT_BUNDLE_IDENTIFIER = akimender.WhoTextedTests;
				PRODUCT_NAME = "$(TARGET_NAME)";
				SWIFT_EMIT_LOC_STRINGS = NO;
				SWIFT_VERSION = 5.0;
				TARGETED_DEVICE_FAMILY = "1,2";
				TEST_HOST = "$(BUILT_PRODUCTS_DIR)/WhoTexted.app/$(BUNDLE_EXECUTABLE_FOLDER_PATH)/WhoTexted";
			};
			name = Debug;
		};
		8717406C2ED9610600161FC0 /* Release */ = {
			isa = XCBuildConfiguration;
			buildSettings = {
				ALWAYS_EMBED_SWIFT_STANDARD_LIBRARIES = YES;
				BUNDLE_LOADER = "$(TEST_HOST)";
				CODE_SIGN_STYLE = Automatic;
				CURRENT_PROJECT_VERSION = 1;
				DEVELOPMENT_TEAM = K388V9423D;
				GENERATE_INFOPLIST_FILE = YES;
				IPHONEOS_DEPLOYMENT_TARGET = 17.5;
				MARKETING_VERSION = 1.0;
				PRODUCT_BUNDLE_IDENTIFIER = akimender.WhoTextedTests;
				PRODUCT_NAME = "$(TARGET_NAME)";
				SWIFT_EMIT_LOC_STRINGS = NO;
				SWIFT_VERSION = 5.0;
				TARGETED_DEVICE_FAMILY = "1,2";
				TEST_HOST = "$(BUILT_PRODUCTS_DIR)/WhoTexted.app/$(BUNDLE_EXECUTABLE_FOLDER_PATH)/WhoTexted";
			};
			name = Release;
		};
		8717406E2ED9610600161FC0 /* Debug */ = {
			isa = XCBuildConfiguration;
			buildSettings = {
				ALWAYS_EMBED_SWIFT_STANDARD_LIBRARIES = YES;
				CODE_SIGN_STYLE = Automatic;
				CURRENT_PROJECT_VERSION = 1;
				DEVELOPMENT_TEAM = K388V9423D;
				GENERATE_INFOPLIST_FILE = YES;
				MARKETING_VERSION = 1.0;
				PRODUCT_BUNDLE_IDENTIFIER = akimender.WhoTextedUITests;
				PRODUCT_NAME = "$(TARGET_NAME)";
				SWIFT_EMIT_LOC_STRINGS = NO;
				SWIFT_VERSION = 5.0;
				TARGETED_DEVICE_FAMILY = "1,2";
				TEST_TARGET_NAME = WhoTexted;
			};
			name = Debug;
		};
		8717406F2ED9610600161FC0 /* Release */ = {
			isa = XCBuildConfiguration;
			buildSettings = {
				ALWAYS_EMBED_SWIFT_STANDARD_LIBRARIES = YES;
				CODE_SIGN_STYLE = Automatic;
				CURRENT_PROJECT_VERSION = 1;
				DEVELOPMENT_TEAM = K388V9423D;
				GENERATE_INFOPLIST_FILE = YES;
				MARKETING_VERSION = 1.0;
				PRODUCT_BUNDLE_IDENTIFIER = akimender.WhoTextedUITests;
				PRODUCT_NAME = "$(TARGET_NAME)";
				SWIFT_EMIT_LOC_STRINGS = NO;
				SWIFT_VERSION = 5.0;
				TARGETED_DEVICE_FAMILY = "1,2";
				TEST_TARGET_NAME = WhoTexted;
			};
			name = Release;
		};
/* End XCBuildConfiguration section */

/* Begin XCConfigurationList section */
		8717403E2ED9610500161FC0 /* Build configuration list for PBXProject "WhoTexted" */ = {
			isa = XCConfigurationList;
			buildConfigurations = (
				871740652ED9610600161FC0 /* Debug */,
				871740662ED9610600161FC0 /* Release */,
			);
			defaultConfigurationIsVisible = 0;
			defaultConfigurationName = Release;
		};
		871740672ED9610600161FC0 /* Build configuration list for PBXNativeTarget "WhoTexted" */ = {
			isa = XCConfigurationList;
			buildConfigurations = (
				871740682ED9610600161FC0 /* Debug */,
				871740692ED9610600161FC0 /* Release */,
			);
			defaultConfigurationIsVisible = 0;
			defaultConfigurationName = Release;
		};
		8717406A2ED9610600161FC0 /* Build configuration list for PBXNativeTarget "WhoTextedTests" */ = {
			isa = XCConfigurationList;
			buildConfigurations = (
				8717406B2ED9610600161FC0 /* Debug */,
				8717406C2ED9610600161FC0 /* Release */,
			);
			defaultConfigurationIsVisible = 0;
			defaultConfigurationName = Release;
		};
		8717406D2ED9610600161FC0 /* Build configuration list for PBXNativeTarget "WhoTextedUITests" */ = {
			isa = XCConfigurationList;
			buildConfigurations = (
				8717406E2ED9610600161FC0 /* Debug */,
				8717406F2ED9610600161FC0 /* Release */,
			);
			defaultConfigurationIsVisible = 0;
			defaultConfigurationName = Release;
		};
/* End XCConfigurationList section */
	};
	rootObject = 8717403B2ED9610500161FC0 /* Project object */;
}
