// !$*UTF8*$!
{
	archiveVersion = 1;
	classes = {
	};
	objectVersion = 56;
	objects = {

/* Begin PBXBuildFile section */
		8773C2BA2EE1416300EB5D5A /* ChatMessage.swift in Sources */ = {isa = PBXBuildFile; fileRef = 8773C27E2EE1416300EB5D5A /* ChatMessage.swift */; };
		8773C2BB2EE1416300EB5D5A /* GameResponse.swift in Sources */ = {isa = PBXBuildFile; fileRef = 8773C27F2EE1416300EB5D5A /* GameResponse.swift */; };
		8773C2BC2EE1416300EB5D5A /* GameState.swift in Sources */ = {isa = PBXBuildFile; fileRef = 8773C2802EE1416300EB5D5A /* GameState.swift */; };
		8773C2BD2EE1416300EB5D5A /* Player.swift in Sources */ = {isa = PBXBuildFile; fileRef = 8773C2812EE1416300EB5D5A /* Player.swift */; };
		8773C2BE2EE1416300EB5D5A /* Prompt.swift in Sources */ = {isa = PBXBuildFile; fileRef = 8773C2822EE1416300EB5D5A /* Prompt.swift */; };
		8773C2BF2EE1416300EB5D5A /* Room.swift in Sources */ = {isa = PBXBuildFile; fileRef = 8773C2832EE1416300EB5D5A /* Room.swift */; };
		8773C2C02EE1416300EB5D5A /* RoomJoinedResponse.swift in Sources */ = {isa = PBXBuildFile; fileRef = 8773C2842EE1416300EB5D5A /* RoomJoinedResponse.swift */; };
		8773C2C12EE1416300EB5D5A /* Round.swift in Sources */ = {isa = PBXBuildFile; fileRef = 8773C2852EE1416300EB5D5A /* Round.swift */; };
		8773C2C22EE1416300EB5D5A /* RoundRole.swift in Sources */ = {isa = PBXBuildFile; fileRef = 8773C2862EE1416300EB5D5A /* RoundRole.swift */; };
		8773C2C32EE1416300EB5D5A /* SocketEnvelope.swift in Sources */ = {isa = PBXBuildFile; fileRef = 8773C2872EE1416300EB5D5A /* SocketEnvelope.swift */; };
		8773C2C42EE1416300EB5D5A /* Vote.swift in Sources */ = {isa = PBXBuildFile; fileRef = 8773C2882EE1416300EB5D5A /* Vote.swift */; };
		8773C2C52EE1416300EB5D5A /* WebSocketManager.swift in Sources */ = {isa = PBXBuildFile; fileRef = 8773C28A2EE1416300EB5D5A /* WebSocketManager.swift */; };
		8773C2C62EE1416300EB5D5A /* Preview Assets.xcassets in Resources */ = {isa = PBXBuildFile; fileRef = 8773C28C2EE1416300EB5D5A /* Preview Assets.xcassets */; };
		8773C2C72EE1416300EB5D5A /* BackendService.swift in Sources */ = {isa = PBXBuildFile; fileRef = 8773C28E2EE1416300EB5D5A /* BackendService.swift */; };
		8773C2C82EE1416300EB5D5A /* ChatService.swift in Sources */ = {isa = PBXBuildFile; fileRef = 8773C28F2EE1416300EB5D5A /* ChatService.swift */; };
		8773C2C92EE1416300EB5D5A /* GameService.swift in Sources */ = {isa = PBXBuildFile; fileRef = 8773C2902EE1416300EB5D5A /* GameService.swift */; };
		8773C2CA2EE1416300EB5D5A /* RoomService.swift in Sources */ = {isa = PBXBuildFile; fileRef = 8773C2912EE1416300EB5D5A /* RoomService.swift */; };
		8773C2CB2EE1416300EB5D5A /* AnimalNameGenerator.swift in Sources */ = {isa = PBXBuildFile; fileRef = 8773C2932EE1416300EB5D5A /* AnimalNameGenerator.swift */; };
		8773C2CC2EE1416300EB5D5A /* GameViewModel.swift in Sources */ = {isa = PBXBuildFile; fileRef = 8773C2952EE1416300EB5D5A /* GameViewModel.swift */; };
		8773C2CD2EE1416300EB5D5A /* HomeViewModel.swift in Sources */ = {isa = PBXBuildFile; fileRef = 8773C2962EE1416300EB5D5A /* HomeViewModel.swift */; };
		8773C2CE2EE1416300EB5D5A /* LobbyViewModel.swift in Sources */ = {isa = PBXBuildFile; fileRef = 8773C2972EE1416300EB5D5A /* LobbyViewModel.swift */; };
		8773C2CF2EE1416300EB5D5A /* ChatBubble.swift in Sources */ = {isa = PBXBuildFile; fileRef = 8773C2992EE1416300EB5D5A /* ChatBubble.swift */; };
		8773C2D02EE1416300EB5D5A /* ChatScrollView.swift in Sources */ = {isa = PBXBuildFile; fileRef = 8773C29A2EE1416300EB5D5A /* ChatScrollView.swift */; };
		8773C2D12EE1416300EB5D5A /* GameFinishedView.swift in Sources */ = {isa = PBXBuildFile; fileRef = 8773C29B2EE1416300EB5D5A /* GameFinishedView.swift */; };
		8773C2D22EE1416300EB5D5A /* GameView.swift in Sources */ = {isa = PBXBuildFile; fileRef = 8773C29C2EE1416300EB5D5A /* GameView.swift */; };
		8773C2D32EE1416300EB5D5A /* MessageInputBar.swift in Sources */ = {isa = PBXBuildFile; fileRef = 8773C29D2EE1416300EB5D5A /* MessageInputBar.swift */; };
		8773C2D42EE1416300EB5D5A /* PromptCard.swift in Sources */ = {isa = PBXBuildFile; fileRef = 8773C29E2EE1416300EB5D5A /* PromptCard.swift */; };
		8773C2D52EE1416300EB5D5A /* PromptDisplayView.swift in Sources */ = {isa = PBXBuildFile; fileRef = 8773C29F2EE1416300EB5D5A /* PromptDisplayView.swift */; };
		8773C2D62EE1416300EB5D5A /* ResponseSubmissionView.swift in Sources */ = {isa = PBXBuildFile; fileRef = 8773C2A02EE1416300EB5D5A /* ResponseSubmissionView.swift */; };
		8773C2D72EE1416300EB5D5A /* RevealView.swift in Sources */ = {isa = PBXBuildFile; fileRef = 8773C2A12EE1416300EB5D5A /* RevealView.swift */; };
		8773C2D82EE1416300EB5D5A /* RoundSetupView.swift in Sources */ = {isa = PBXBuildFile; fileRef = 8773C2A22EE1416300EB5D5A /* RoundSetupView.swift */; };
		8773C2D92EE1416300EB5D5A /* ScoringView.swift in Sources */ = {isa = PBXBuildFile; fileRef = 8773C2A32EE1416300EB5D5A /* ScoringView.swift */; };
		8773C2DA2EE1416300EB5D5A /* VotingView.swift in Sources */ = {isa = PBXBuildFile; fileRef = 8773C2A42EE1416300EB5D5A /* VotingView.swift */; };
		8773C2DB2EE1416300EB5D5A /* HomeView.swift in Sources */ = {isa = PBXBuildFile; fileRef = 8773C2A62EE1416300EB5D5A /* HomeView.swift */; };
		8773C2DC2EE1416300EB5D5A /* LobbyView.swift in Sources */ = {isa = PBXBuildFile; fileRef = 8773C2A82EE1416300EB5D5A /* LobbyView.swift */; };
		8773C2DD2EE1416300EB5D5A /* AppState.swift in Sources */ = {isa = PBXBuildFile; fileRef = 8773C2AB2EE1416300EB5D5A /* AppState.swift */; };
		8773C2DE2EE1416300EB5D5A /* Assets.xcassets in Resources */ = {isa = PBXBuildFile; fileRef = 8773C2AC2EE1416300EB5D5A /* Assets.xcassets */; };
		8773C2DF2EE1416300EB5D5A /* ContentView.swift in Sources */ = {isa = PBXBuildFile; fileRef = 8773C2AD2EE1416300EB5D5A /* ContentView.swift */; };
		8773C2E02EE1416300EB5D5A /* RootView.swift in Sources */ = {isa = PBXBuildFile; fileRef = 8773C2AE2EE1416300EB5D5A /* RootView.swift */; };
		8773C2E12EE1416300EB5D5A /* WhoTextedApp.swift in Sources */ = {isa = PBXBuildFile; fileRef = 8773C2AF2EE1416300EB5D5A /* WhoTextedApp.swift */; };
		8773C2E22EE1416300EB5D5A /* WhoTextedTests.swift in Sources */ = {isa = PBXBuildFile; fileRef = 8773C2B12EE1416300EB5D5A /* WhoTextedTests.swift */; };
		8773C2E32EE1416300EB5D5A /* WhoTextedUITests.swift in Sources */ = {isa = PBXBuildFile; fileRef = 8773C2B32EE1416300EB5D5A /* WhoTextedUITests.swift */; };
		8773C2E42EE1416300EB5D5A /* WhoTextedUITestsLaunchTests.swift in Sources */ = {isa = PBXBuildFile; fileRef = 8773C2B42EE1416300EB5D5A /* WhoTextedUITestsLaunchTests.swift */; };
/* End PBXBuildFile section */

/* Begin PBXContainerItemProxy section */
		871740542ED9610600161FC0 /* PBXContainerItemProxy */ = {
			isa = PBXContainerItemProxy;
			containerPortal = 8717403B2ED9610500161FC0 /* Project object */;
			proxyType = 1;
			remoteGlobalIDString = 871740422ED9610500161FC0;
			remoteInfo = WhoTexted;
		};
		8717405E2ED9610600161FC0 /* PBXContainerItemProxy */ = {
			isa = PBXContainerItemProxy;
			containerPortal = 8717403B2ED9610500161FC0 /* Project object */;
			proxyType = 1;
			remoteGlobalIDString = 871740422ED9610500161FC0;
			remoteInfo = WhoTexted;
		};
/* End PBXContainerItemProxy section */

/* Begin PBXFileReference section */
		871740432ED9610500161FC0 /* WhoTexted.app */ = {isa = PBXFileReference; explicitFileType = wrapper.application; includeInIndex = 0; path = WhoTexted.app; sourceTree = BUILT_PRODUCTS_DIR; };
		871740532ED9610600161FC0 /* WhoTextedTests.xctest */ = {isa = PBXFileReference; explicitFileType = wrapper.cfbundle; includeInIndex = 0; path = WhoTextedTests.xctest; sourceTree = BUILT_PRODUCTS_DIR; };
		8717405D2ED9610600161FC0 /* WhoTextedUITests.xctest */ = {isa = PBXFileReference; explicitFileType = wrapper.cfbundle; includeInIndex = 0; path = WhoTextedUITests.xctest; sourceTree = BUILT_PRODUCTS_DIR; };
		8773C27E2EE1416300EB5D5A /* ChatMessage.swift */ = {isa = PBXFileReference; fileEncoding = 4; lastKnownFileType = sourcecode.swift; path = ChatMessage.swift; sourceTree = "<group>"; };
		8773C27F2EE1416300EB5D5A /* GameResponse.swift */ = {isa = PBXFileReference; fileEncoding = 4; lastKnownFileType = sourcecode.swift; path = GameResponse.swift; sourceTree = "<group>"; };
		8773C2802EE1416300EB5D5A /* GameState.swift */ = {isa = PBXFileReference; fileEncoding = 4; lastKnownFileType = sourcecode.swift; path = GameState.swift; sourceTree = "<group>"; };
		8773C2812EE1416300EB5D5A /* Player.swift */ = {isa = PBXFileReference; fileEncoding = 4; lastKnownFileType = sourcecode.swift; path = Player.swift; sourceTree = "<group>"; };
		8773C2822EE1416300EB5D5A /* Prompt.swift */ = {isa = PBXFileReference; fileEncoding = 4; lastKnownFileType = sourcecode.swift; path = Prompt.swift; sourceTree = "<group>"; };
		8773C2832EE1416300EB5D5A /* Room.swift */ = {isa = PBXFileReference; fileEncoding = 4; lastKnownFileType = sourcecode.swift; path = Room.swift; sourceTree = "<group>"; };
		8773C2842EE1416300EB5D5A /* RoomJoinedResponse.swift */ = {isa = PBXFileReference; fileEncoding = 4; lastKnownFileType = sourcecode.swift; path = RoomJoinedResponse.swift; sourceTree = "<group>"; };
		8773C2852EE1416300EB5D5A /* Round.swift */ = {isa = PBXFileReference; fileEncoding = 4; lastKnownFileType = sourcecode.swift; path = Round.swift; sourceTree = "<group>"; };
		8773C2862EE1416300EB5D5A /* RoundRole.swift */ = {isa = PBXFileReference; fileEncoding = 4; lastKnownFileType = sourcecode.swift; path = RoundRole.swift; sourceTree = "<group>"; };
		8773C2872EE1416300EB5D5A /* SocketEnvelope.swift */ = {isa = PBXFileReference; fileEncoding = 4; lastKnownFileType = sourcecode.swift; path = SocketEnvelope.swift; sourceTree = "<group>"; };
		8773C2882EE1416300EB5D5A /* Vote.swift */ = {isa = PBXFileReference; fileEncoding = 4; lastKnownFileType = sourcecode.swift; path = Vote.swift; sourceTree = "<group>"; };
		8773C28A2EE1416300EB5D5A /* WebSocketManager.swift */ = {isa = PBXFileReference; fileEncoding = 4; lastKnownFileType = sourcecode.swift; path = WebSocketManager.swift; sourceTree = "<group>"; };
		8773C28C2EE1416300EB5D5A /* Preview Assets.xcassets */ = {isa = PBXFileReference; lastKnownFileType = folder.assetcatalog; path = "Preview Assets.xcassets"; sourceTree = "<group>"; };
		8773C28E2EE1416300EB5D5A /* BackendService.swift */ = {isa = PBXFileReference; fileEncoding = 4; lastKnownFileType = sourcecode.swift; path = BackendService.swift; sourceTree = "<group>"; };
		8773C28F2EE1416300EB5D5A /* ChatService.swift */ = {isa = PBXFileReference; fileEncoding = 4; lastKnownFileType = sourcecode.swift; path = ChatService.swift; sourceTree = "<group>"; };
		8773C2902EE1416300EB5D5A /* GameService.swift */ = {isa = PBXFileReference; fileEncoding = 4; lastKnownFileType = sourcecode.swift; path = GameService.swift; sourceTree = "<group>"; };
		8773C2912EE1416300EB5D5A /* RoomService.swift */ = {isa = PBXFileReference; fileEncoding = 4; lastKnownFileType = sourcecode.swift; path = RoomService.swift; sourceTree = "<group>"; };
		8773C2932EE1416300EB5D5A /* AnimalNameGenerator.swift */ = {isa = PBXFileReference; fileEncoding = 4; lastKnownFileType = sourcecode.swift; path = AnimalNameGenerator.swift; sourceTree = "<group>"; };
		8773C2952EE1416300EB5D5A /* GameViewModel.swift */ = {isa = PBXFileReference; fileEncoding = 4; lastKnownFileType = sourcecode.swift; path = GameViewModel.swift; sourceTree = "<group>"; };
		8773C2962EE1416300EB5D5A /* HomeViewModel.swift */ = {isa = PBXFileReference; fileEncoding = 4; lastKnownFileType = sourcecode.swift; path = HomeViewModel.swift; sourceTree = "<group>"; };
		8773C2972EE1416300EB5D5A /* LobbyViewModel.swift */ = {isa = PBXFileReference; fileEncoding = 4; lastKnownFileType = sourcecode.swift; path = LobbyViewModel.swift; sourceTree = "<group>"; };
		8773C2992EE1416300EB5D5A /* ChatBubble.swift */ = {isa = PBXFileReference; fileEncoding = 4; lastKnownFileType = sourcecode.swift; path = ChatBubble.swift; sourceTree = "<group>"; };
		8773C29A2EE1416300EB5D5A /* ChatScrollView.swift */ = {isa = PBXFileReference; fileEncoding = 4; lastKnownFileType = sourcecode.swift; path = ChatScrollView.swift; sourceTree = "<group>"; };
		8773C29B2EE1416300EB5D5A /* GameFinishedView.swift */ = {isa = PBXFileReference; fileEncoding = 4; lastKnownFileType = sourcecode.swift; path = GameFinishedView.swift; sourceTree = "<group>"; };
		8773C29C2EE1416300EB5D5A /* GameView.swift */ = {isa = PBXFileReference; fileEncoding = 4; lastKnownFileType = sourcecode.swift; path = GameView.swift; sourceTree = "<group>"; };
		8773C29D2EE1416300EB5D5A /* MessageInputBar.swift */ = {isa = PBXFileReference; fileEncoding = 4; lastKnownFileType = sourcecode.swift; path = MessageInputBar.swift; sourceTree = "<group>"; };
		8773C29E2EE1416300EB5D5A /* PromptCard.swift */ = {isa = PBXFileReference; fileEncoding = 4; lastKnownFileType = sourcecode.swift; path = PromptCard.swift; sourceTree = "<group>"; };
		8773C29F2EE1416300EB5D5A /* PromptDisplayView.swift */ = {isa = PBXFileReference; fileEncoding = 4; lastKnownFileType = sourcecode.swift; path = PromptDisplayView.swift; sourceTree = "<group>"; };
		8773C2A02EE1416300EB5D5A /* ResponseSubmissionView.swift */ = {isa = PBXFileReference; fileEncoding = 4; lastKnownFileType = sourcecode.swift; path = ResponseSubmissionView.swift; sourceTree = "<group>"; };
		8773C2A12EE1416300EB5D5A /* RevealView.swift */ = {isa = PBXFileReference; fileEncoding = 4; lastKnownFileType = sourcecode.swift; path = RevealView.swift; sourceTree = "<group>"; };
		8773C2A22EE1416300EB5D5A /* RoundSetupView.swift */ = {isa = PBXFileReference; fileEncoding = 4; lastKnownFileType = sourcecode.swift; path = RoundSetupView.swift; sourceTree = "<group>"; };
		8773C2A32EE1416300EB5D5A /* ScoringView.swift */ = {isa = PBXFileReference; fileEncoding = 4; lastKnownFileType = sourcecode.swift; path = ScoringView.swift; sourceTree = "<group>"; };
		8773C2A42EE1416300EB5D5A /* VotingView.swift */ = {isa = PBXFileReference; fileEncoding = 4; lastKnownFileType = sourcecode.swift; path = VotingView.swift; sourceTree = "<group>"; };
		8773C2A62EE1416300EB5D5A /* HomeView.swift */ = {isa = PBXFileReference; fileEncoding = 4; lastKnownFileType = sourcecode.swift; path = HomeView.swift; sourceTree = "<group>"; };
		8773C2A82EE1416300EB5D5A /* LobbyView.swift */ = {isa = PBXFileReference; fileEncoding = 4; lastKnownFileType = sourcecode.swift; path = LobbyView.swift; sourceTree = "<group>"; };
		8773C2AB2EE1416300EB5D5A /* AppState.swift */ = {isa = PBXFileReference; fileEncoding = 4; lastKnownFileType = sourcecode.swift; path = AppState.swift; sourceTree = "<group>"; };
		8773C2AC2EE1416300EB5D5A /* Assets.xcassets */ = {isa = PBXFileReference; lastKnownFileType = folder.assetcatalog; path = Assets.xcassets; sourceTree = "<group>"; };
		8773C2AD2EE1416300EB5D5A /* ContentView.swift */ = {isa = PBXFileReference; fileEncoding = 4; lastKnownFileType = sourcecode.swift; path = ContentView.swift; sourceTree = "<group>"; };
		8773C2AE2EE1416300EB5D5A /* RootView.swift */ = {isa = PBXFileReference; fileEncoding = 4; lastKnownFileType = sourcecode.swift; path = RootView.swift; sourceTree = "<group>"; };
		8773C2AF2EE1416300EB5D5A /* WhoTextedApp.swift */ = {isa = PBXFileReference; fileEncoding = 4; lastKnownFileType = sourcecode.swift; path = WhoTextedApp.swift; sourceTree = "<group>"; };
		8773C2B12EE1416300EB5D5A /* WhoTextedTests.swift */ = {isa = PBXFileReference; fileEncoding = 4; lastKnownFileType = sourcecode.swift; path = WhoTextedTests.swift; sourceTree = "<group>"; };
		8773C2B32EE1416300EB5D5A /* WhoTextedUITests.swift */ = {isa = PBXFileReference; fileEncoding = 4; lastKnownFileType = sourcecode.swift; path = WhoTextedUITests.swift; sourceTree = "<group>"; };
		8773C2B42EE1416300EB5D5A /* WhoTextedUITestsLaunchTests.swift */ = {isa = PBXFileReference; fileEncoding = 4; lastKnownFileType = sourcecode.swift; path = WhoTextedUITestsLaunchTests.swift; sourceTree = "<group>"; };
/* End PBXFileReference section */

/* Begin PBXFrameworksBuildPhase section */
		871740402ED9610500161FC0 /* Frameworks */ = {
			isa = PBXFrameworksBuildPhase;
			buildActionMask = 2147483647;
			files = (
			);
			runOnlyForDeploymentPostprocessing = 0;
		};
		871740502ED9610600161FC0 /* Frameworks */ = {
			isa = PBXFrameworksBuildPhase;
			buildActionMask = 2147483647;
			files = (
			);
			runOnlyForDeploymentPostprocessing = 0;
		};
		8717405A2ED9610600161FC0 /* Frameworks */ = {
			isa = PBXFrameworksBuildPhase;
			buildActionMask = 2147483647;
			files = (
			);
			runOnlyForDeploymentPostprocessing = 0;
		};
/* End PBXFrameworksBuildPhase section */

/* Begin PBXGroup section */
		8717403A2ED9610500161FC0 = {
			isa = PBXGroup;
			children = (
				8773C2B02EE1416300EB5D5A /* WhoTexted */,
				8773C2B22EE1416300EB5D5A /* WhoTextedTests */,
				8773C2B52EE1416300EB5D5A /* WhoTextedUITests */,
				871740442ED9610500161FC0 /* Products */,
			);
			sourceTree = "<group>";
		};
		871740442ED9610500161FC0 /* Products */ = {
			isa = PBXGroup;
			children = (
				871740432ED9610500161FC0 /* WhoTexted.app */,
				871740532ED9610600161FC0 /* WhoTextedTests.xctest */,
				8717405D2ED9610600161FC0 /* WhoTextedUITests.xctest */,
			);
			name = Products;
			sourceTree = "<group>";
		};
		8773C2892EE1416300EB5D5A /* Models */ = {
			isa = PBXGroup;
			children = (
				8773C27E2EE1416300EB5D5A /* ChatMessage.swift */,
				8773C27F2EE1416300EB5D5A /* GameResponse.swift */,
				8773C2802EE1416300EB5D5A /* GameState.swift */,
				8773C2812EE1416300EB5D5A /* Player.swift */,
				8773C2822EE1416300EB5D5A /* Prompt.swift */,
				8773C2832EE1416300EB5D5A /* Room.swift */,
				8773C2842EE1416300EB5D5A /* RoomJoinedResponse.swift */,
				8773C2852EE1416300EB5D5A /* Round.swift */,
				8773C2862EE1416300EB5D5A /* RoundRole.swift */,
				8773C2872EE1416300EB5D5A /* SocketEnvelope.swift */,
				8773C2882EE1416300EB5D5A /* Vote.swift */,
			);
			path = Models;
			sourceTree = "<group>";
		};
		8773C28B2EE1416300EB5D5A /* Networking */ = {
			isa = PBXGroup;
			children = (
				8773C28A2EE1416300EB5D5A /* WebSocketManager.swift */,
			);
			path = Networking;
			sourceTree = "<group>";
		};
		8773C28D2EE1416300EB5D5A /* Preview Content */ = {
			isa = PBXGroup;
			children = (
				8773C28C2EE1416300EB5D5A /* Preview Assets.xcassets */,
			);
			path = "Preview Content";
			sourceTree = "<group>";
		};
		8773C2922EE1416300EB5D5A /* Services */ = {
			isa = PBXGroup;
			children = (
				8773C28E2EE1416300EB5D5A /* BackendService.swift */,
				8773C28F2EE1416300EB5D5A /* ChatService.swift */,
				8773C2902EE1416300EB5D5A /* GameService.swift */,
				8773C2912EE1416300EB5D5A /* RoomService.swift */,
			);
			path = Services;
			sourceTree = "<group>";
		};
		8773C2942EE1416300EB5D5A /* Utilities */ = {
			isa = PBXGroup;
			children = (
				8773C2932EE1416300EB5D5A /* AnimalNameGenerator.swift */,
			);
			path = Utilities;
			sourceTree = "<group>";
		};
		8773C2982EE1416300EB5D5A /* ViewModels */ = {
			isa = PBXGroup;
			children = (
				8773C2952EE1416300EB5D5A /* GameViewModel.swift */,
				8773C2962EE1416300EB5D5A /* HomeViewModel.swift */,
				8773C2972EE1416300EB5D5A /* LobbyViewModel.swift */,
			);
			path = ViewModels;
			sourceTree = "<group>";
		};
		8773C2A52EE1416300EB5D5A /* Game */ = {
			isa = PBXGroup;
			children = (
				8773C2992EE1416300EB5D5A /* ChatBubble.swift */,
				8773C29A2EE1416300EB5D5A /* ChatScrollView.swift */,
				8773C29B2EE1416300EB5D5A /* GameFinishedView.swift */,
				8773C29C2EE1416300EB5D5A /* GameView.swift */,
				8773C29D2EE1416300EB5D5A /* MessageInputBar.swift */,
				8773C29E2EE1416300EB5D5A /* PromptCard.swift */,
				8773C29F2EE1416300EB5D5A /* PromptDisplayView.swift */,
				8773C2A02EE1416300EB5D5A /* ResponseSubmissionView.swift */,
				8773C2A12EE1416300EB5D5A /* RevealView.swift */,
				8773C2A22EE1416300EB5D5A /* RoundSetupView.swift */,
				8773C2A32EE1416300EB5D5A /* ScoringView.swift */,
				8773C2A42EE1416300EB5D5A /* VotingView.swift */,
			);
			path = Game;
			sourceTree = "<group>";
		};
		8773C2A72EE1416300EB5D5A /* Home */ = {
			isa = PBXGroup;
			children = (
				8773C2A62EE1416300EB5D5A /* HomeView.swift */,
			);
			path = Home;
			sourceTree = "<group>";
		};
		8773C2A92EE1416300EB5D5A /* Lobby */ = {
			isa = PBXGroup;
			children = (
				8773C2A82EE1416300EB5D5A /* LobbyView.swift */,
			);
			path = Lobby;
			sourceTree = "<group>";
		};
		8773C2AA2EE1416300EB5D5A /* Views */ = {
			isa = PBXGroup;
			children = (
				8773C2A52EE1416300EB5D5A /* Game */,
				8773C2A72EE1416300EB5D5A /* Home */,
				8773C2A92EE1416300EB5D5A /* Lobby */,
			);
			path = Views;
			sourceTree = "<group>";
		};
		8773C2B02EE1416300EB5D5A /* WhoTexted */ = {
			isa = PBXGroup;
			children = (
				8773C2892EE1416300EB5D5A /* Models */,
				8773C28B2EE1416300EB5D5A /* Networking */,
				8773C28D2EE1416300EB5D5A /* Preview Content */,
				8773C2922EE1416300EB5D5A /* Services */,
				8773C2942EE1416300EB5D5A /* Utilities */,
				8773C2982EE1416300EB5D5A /* ViewModels */,
				8773C2AA2EE1416300EB5D5A /* Views */,
				8773C2AB2EE1416300EB5D5A /* AppState.swift */,
				8773C2AC2EE1416300EB5D5A /* Assets.xcassets */,
				8773C2AD2EE1416300EB5D5A /* ContentView.swift */,
				8773C2AE2EE1416300EB5D5A /* RootView.swift */,
				8773C2AF2EE1416300EB5D5A /* WhoTextedApp.swift */,
			);
			path = WhoTexted;
			sourceTree = "<group>";
		};
		8773C2B22EE1416300EB5D5A /* WhoTextedTests */ = {
			isa = PBXGroup;
			children = (
				8773C2B12EE1416300EB5D5A /* WhoTextedTests.swift */,
			);
			path = WhoTextedTests;
			sourceTree = "<group>";
		};
		8773C2B52EE1416300EB5D5A /* WhoTextedUITests */ = {
			isa = PBXGroup;
			children = (
				8773C2B32EE1416300EB5D5A /* WhoTextedUITests.swift */,
				8773C2B42EE1416300EB5D5A /* WhoTextedUITestsLaunchTests.swift */,
			);
			path = WhoTextedUITests;
			sourceTree = "<group>";
		};
/* End PBXGroup section */

/* Begin PBXNativeTarget section */
		871740422ED9610500161FC0 /* WhoTexted */ = {
			isa = PBXNativeTarget;
			buildConfigurationList = 871740672ED9610600161FC0 /* Build configuration list for PBXNativeTarget "WhoTexted" */;
			buildPhases = (
				8717403F2ED9610500161FC0 /* Sources */,
				871740402ED9610500161FC0 /* Frameworks */,
				871740412ED9610500161FC0 /* Resources */,
			);
			buildRules = (
			);
			dependencies = (
			);
			name = WhoTexted;
			productName = WhoTexted;
			productReference = 871740432ED9610500161FC0 /* WhoTexted.app */;
			productType = "com.apple.product-type.application";
		};
		871740522ED9610600161FC0 /* WhoTextedTests */ = {
			isa = PBXNativeTarget;
			buildConfigurationList = 8717406A2ED9610600161FC0 /* Build configuration list for PBXNativeTarget "WhoTextedTests" */;
			buildPhases = (
				8717404F2ED9610600161FC0 /* Sources */,
				871740502ED9610600161FC0 /* Frameworks */,
				871740512ED9610600161FC0 /* Resources */,
			);
			buildRules = (
			);
			dependencies = (
				871740552ED9610600161FC0 /* PBXTargetDependency */,
			);
			name = WhoTextedTests;
			productName = WhoTextedTests;
			productReference = 871740532ED9610600161FC0 /* WhoTextedTests.xctest */;
			productType = "com.apple.product-type.bundle.unit-test";
		};
		8717405C2ED9610600161FC0 /* WhoTextedUITests */ = {
			isa = PBXNativeTarget;
			buildConfigurationList = 8717406D2ED9610600161FC0 /* Build configuration list for PBXNativeTarget "WhoTextedUITests" */;
			buildPhases = (
				871740592ED9610600161FC0 /* Sources */,
				8717405A2ED9610600161FC0 /* Frameworks */,
				8717405B2ED9610600161FC0 /* Resources */,
			);
			buildRules = (
			);
			dependencies = (
				8717405F2ED9610600161FC0 /* PBXTargetDependency */,
			);
			name = WhoTextedUITests;
			productName = WhoTextedUITests;
			productReference = 8717405D2ED9610600161FC0 /* WhoTextedUITests.xctest */;
			productType = "com.apple.product-type.bundle.ui-testing";
		};
/* End PBXNativeTarget section */

/* Begin PBXProject section */
		8717403B2ED9610500161FC0 /* Project object */ = {
			isa = PBXProject;
			attributes = {
				BuildIndependentTargetsInParallel = 1;
				LastSwiftUpdateCheck = 1540;
				LastUpgradeCheck = 1540;
				TargetAttributes = {
					871740422ED9610500161FC0 = {
						CreatedOnToolsVersion = 15.4;
					};
					871740522ED9610600161FC0 = {
						CreatedOnToolsVersion = 15.4;
						TestTargetID = 871740422ED9610500161FC0;
					};
					8717405C2ED9610600161FC0 = {
						CreatedOnToolsVersion = 15.4;
						TestTargetID = 871740422ED9610500161FC0;
					};
				};
			};
			buildConfigurationList = 8717403E2ED9610500161FC0 /* Build configuration list for PBXProject "WhoTexted" */;
			compatibilityVersion = "Xcode 14.0";
			developmentRegion = en;
			hasScannedForEncodings = 0;
			knownRegions = (
				en,
				Base,
			);
			mainGroup = 8717403A2ED9610500161FC0;
			productRefGroup = 871740442ED9610500161FC0 /* Products */;
			projectDirPath = "";
			projectRoot = "";
			targets = (
				871740422ED9610500161FC0 /* WhoTexted */,
				871740522ED9610600161FC0 /* WhoTextedTests */,
				8717405C2ED9610600161FC0 /* WhoTextedUITests */,
			);
		};
/* End PBXProject section */

/* Begin PBXResourcesBuildPhase section */
		871740412ED9610500161FC0 /* Resources */ = {
			isa = PBXResourcesBuildPhase;
			buildActionMask = 2147483647;
			files = (
				8773C2DE2EE1416300EB5D5A /* Assets.xcassets in Resources */,
				8773C2C62EE1416300EB5D5A /* Preview Assets.xcassets in Resources */,
			);
			runOnlyForDeploymentPostprocessing = 0;
		};
		871740512ED9610600161FC0 /* Resources */ = {
			isa = PBXResourcesBuildPhase;
			buildActionMask = 2147483647;
			files = (
			);
			runOnlyForDeploymentPostprocessing = 0;
		};
		8717405B2ED9610600161FC0 /* Resources */ = {
			isa = PBXResourcesBuildPhase;
			buildActionMask = 2147483647;
			files = (
			);
			runOnlyForDeploymentPostprocessing = 0;
		};
/* End PBXResourcesBuildPhase section */

/* Begin PBXSourcesBuildPhase section */
		8717403F2ED9610500161FC0 /* Sources */ = {
			isa = PBXSourcesBuildPhase;
			buildActionMask = 2147483647;
			files = (
				8773C2CD2EE1416300EB5D5A /* HomeViewModel.swift in Sources */,
				8773C2E02EE1416300EB5D5A /* RootView.swift in Sources */,
				8773C2E22EE1416300EB5D5A /* WhoTextedTests.swift in Sources */,
				8773C2CC2EE1416300EB5D5A /* GameViewModel.swift in Sources */,
				8773C2C32EE1416300EB5D5A /* SocketEnvelope.swift in Sources */,
				8773C2BD2EE1416300EB5D5A /* Player.swift in Sources */,
				8773C2BC2EE1416300EB5D5A /* GameState.swift in Sources */,
				8773C2D42EE1416300EB5D5A /* PromptCard.swift in Sources */,
				8773C2BF2EE1416300EB5D5A /* Room.swift in Sources */,
				8773C2BB2EE1416300EB5D5A /* GameResponse.swift in Sources */,
				8773C2CB2EE1416300EB5D5A /* AnimalNameGenerator.swift in Sources */,
				8773C2BA2EE1416300EB5D5A /* ChatMessage.swift in Sources */,
				8773C2BE2EE1416300EB5D5A /* Prompt.swift in Sources */,
				8773C2C12EE1416300EB5D5A /* Round.swift in Sources */,
				8773C2C02EE1416300EB5D5A /* RoomJoinedResponse.swift in Sources */,
				8773C2E12EE1416300EB5D5A /* WhoTextedApp.swift in Sources */,
				8773C2C82EE1416300EB5D5A /* ChatService.swift in Sources */,
				8773C2DF2EE1416300EB5D5A /* ContentView.swift in Sources */,
				8773C2D72EE1416300EB5D5A /* RevealView.swift in Sources */,
				8773C2CF2EE1416300EB5D5A /* ChatBubble.swift in Sources */,
				8773C2DD2EE1416300EB5D5A /* AppState.swift in Sources */,
				8773C2CA2EE1416300EB5D5A /* RoomService.swift in Sources */,
				8773C2C22EE1416300EB5D5A /* RoundRole.swift in Sources */,
				8773C2C42EE1416300EB5D5A /* Vote.swift in Sources */,
				8773C2E42EE1416300EB5D5A /* WhoTextedUITestsLaunchTests.swift in Sources */,
				8773C2D82EE1416300EB5D5A /* RoundSetupView.swift in Sources */,
				8773C2D02EE1416300EB5D5A /* ChatScrollView.swift in Sources */,
				8773C2C92EE1416300EB5D5A /* GameService.swift in Sources */,
				8773C2D12EE1416300EB5D5A /* GameFinishedView.swift in Sources */,
				8773C2C72EE1416300EB5D5A /* BackendService.swift in Sources */,
				8773C2C52EE1416300EB5D5A /* WebSocketManager.swift in Sources */,
				8773C2D32EE1416300EB5D5A /* MessageInputBar.swift in Sources */,
				8773C2D52EE1416300EB5D5A /* PromptDisplayView.swift in Sources */,
				8773C2DB2EE1416300EB5D5A /* HomeView.swift in Sources */,
				8773C2D62EE1416300EB5D5A /* ResponseSubmissionView.swift in Sources */,
				8773C2DC2EE1416300EB5D5A /* LobbyView.swift in Sources */,
				8773C2D92EE1416300EB5D5A /* ScoringView.swift in Sources */,
				8773C2DA2EE1416300EB5D5A /* VotingView.swift in Sources */,
				8773C2D22EE1416300EB5D5A /* GameView.swift in Sources */,
				8773C2E32EE1416300EB5D5A /* WhoTextedUITests.swift in Sources */,
				8773C2CE2EE1416300EB5D5A /* LobbyViewModel.swift in Sources */,
			);
			runOnlyForDeploymentPostprocessing = 0;
		};
		8717404F2ED9610600161FC0 /* Sources */ = {
			isa = PBXSourcesBuildPhase;
			buildActionMask = 2147483647;
			files = (
			);
			runOnlyForDeploymentPostprocessing = 0;
		};
		871740592ED9610600161FC0 /* Sources */ = {
			isa = PBXSourcesBuildPhase;
			buildActionMask = 2147483647;
			files = (
			);
			runOnlyForDeploymentPostprocessing = 0;
		};
/* End PBXSourcesBuildPhase section */

/* Begin PBXTargetDependency section */
		871740552ED9610600161FC0 /* PBXTargetDependency */ = {
			isa = PBXTargetDependency;
			target = 871740422ED9610500161FC0 /* WhoTexted */;
			targetProxy = 871740542ED9610600161FC0 /* PBXContainerItemProxy */;
		};
		8717405F2ED9610600161FC0 /* PBXTargetDependency */ = {
			isa = PBXTargetDependency;
			target = 871740422ED9610500161FC0 /* WhoTexted */;
			targetProxy = 8717405E2ED9610600161FC0 /* PBXContainerItemProxy */;
		};
/* End PBXTargetDependency section */

/* Begin XCBuildConfiguration section */
		871740652ED9610600161FC0 /* Debug */ = {
			isa = XCBuildConfiguration;
			buildSettings = {
				ALWAYS_SEARCH_USER_PATHS = NO;
				ASSETCATALOG_COMPILER_GENERATE_SWIFT_ASSET_SYMBOL_EXTENSIONS = YES;
				CLANG_ANALYZER_NONNULL = YES;
				CLANG_ANALYZER_NUMBER_OBJECT_CONVERSION = YES_AGGRESSIVE;
				CLANG_CXX_LANGUAGE_STANDARD = "gnu++20";
				CLANG_ENABLE_MODULES = YES;
				CLANG_ENABLE_OBJC_ARC = YES;
				CLANG_ENABLE_OBJC_WEAK = YES;
				CLANG_WARN_BLOCK_CAPTURE_AUTORELEASING = YES;
				CLANG_WARN_BOOL_CONVERSION = YES;
				CLANG_WARN_COMMA = YES;
				CLANG_WARN_CONSTANT_CONVERSION = YES;
				CLANG_WARN_DEPRECATED_OBJC_IMPLEMENTATIONS = YES;
				CLANG_WARN_DIRECT_OBJC_ISA_USAGE = YES_ERROR;
				CLANG_WARN_DOCUMENTATION_COMMENTS = YES;
				CLANG_WARN_EMPTY_BODY = YES;
				CLANG_WARN_ENUM_CONVERSION = YES;
				CLANG_WARN_INFINITE_RECURSION = YES;
				CLANG_WARN_INT_CONVERSION = YES;
				CLANG_WARN_NON_LITERAL_NULL_CONVERSION = YES;
				CLANG_WARN_OBJC_IMPLICIT_RETAIN_SELF = YES;
				CLANG_WARN_OBJC_LITERAL_CONVERSION = YES;
				CLANG_WARN_OBJC_ROOT_CLASS = YES_ERROR;
				CLANG_WARN_QUOTED_INCLUDE_IN_FRAMEWORK_HEADER = YES;
				CLANG_WARN_RANGE_LOOP_ANALYSIS = YES;
				CLANG_WARN_STRICT_PROTOTYPES = YES;
				CLANG_WARN_SUSPICIOUS_MOVE = YES;
				CLANG_WARN_UNGUARDED_AVAILABILITY = YES_AGGRESSIVE;
				CLANG_WARN_UNREACHABLE_CODE = YES;
				CLANG_WARN__DUPLICATE_METHOD_MATCH = YES;
				COPY_PHASE_STRIP = NO;
				DEBUG_INFORMATION_FORMAT = dwarf;
				ENABLE_STRICT_OBJC_MSGSEND = YES;
				ENABLE_TESTABILITY = YES;
				ENABLE_USER_SCRIPT_SANDBOXING = YES;
				GCC_C_LANGUAGE_STANDARD = gnu17;
				GCC_DYNAMIC_NO_PIC = NO;
				GCC_NO_COMMON_BLOCKS = YES;
				GCC_OPTIMIZATION_LEVEL = 0;
				GCC_PREPROCESSOR_DEFINITIONS = (
					"DEBUG=1",
					"$(inherited)",
				);
				GCC_WARN_64_TO_32_BIT_CONVERSION = YES;
				GCC_WARN_ABOUT_RETURN_TYPE = YES_ERROR;
				GCC_WARN_UNDECLARED_SELECTOR = YES;
				GCC_WARN_UNINITIALIZED_AUTOS = YES_AGGRESSIVE;
				GCC_WARN_UNUSED_FUNCTION = YES;
				GCC_WARN_UNUSED_VARIABLE = YES;
				IPHONEOS_DEPLOYMENT_TARGET = 17.5;
				LOCALIZATION_PREFERS_STRING_CATALOGS = YES;
				MTL_ENABLE_DEBUG_INFO = INCLUDE_SOURCE;
				MTL_FAST_MATH = YES;
				ONLY_ACTIVE_ARCH = YES;
				SDKROOT = iphoneos;
				SWIFT_ACTIVE_COMPILATION_CONDITIONS = "DEBUG $(inherited)";
				SWIFT_OPTIMIZATION_LEVEL = "-Onone";
			};
			name = Debug;
		};
		871740662ED9610600161FC0 /* Release */ = {
			isa = XCBuildConfiguration;
			buildSettings = {
				ALWAYS_SEARCH_USER_PATHS = NO;
				ASSETCATALOG_COMPILER_GENERATE_SWIFT_ASSET_SYMBOL_EXTENSIONS = YES;
				CLANG_ANALYZER_NONNULL = YES;
				CLANG_ANALYZER_NUMBER_OBJECT_CONVERSION = YES_AGGRESSIVE;
				CLANG_CXX_LANGUAGE_STANDARD = "gnu++20";
				CLANG_ENABLE_MODULES = YES;
				CLANG_ENABLE_OBJC_ARC = YES;
				CLANG_ENABLE_OBJC_WEAK = YES;
				CLANG_WARN_BLOCK_CAPTURE_AUTORELEASING = YES;
				CLANG_WARN_BOOL_CONVERSION = YES;
				CLANG_WARN_COMMA = YES;
				CLANG_WARN_CONSTANT_CONVERSION = YES;
				CLANG_WARN_DEPRECATED_OBJC_IMPLEMENTATIONS = YES;
				CLANG_WARN_DIRECT_OBJC_ISA_USAGE = YES_ERROR;
				CLANG_WARN_DOCUMENTATION_COMMENTS = YES;
				CLANG_WARN_EMPTY_BODY = YES;
				CLANG_WARN_ENUM_CONVERSION = YES;
				CLANG_WARN_INFINITE_RECURSION = YES;
				CLANG_WARN_INT_CONVERSION = YES;
				CLANG_WARN_NON_LITERAL_NULL_CONVERSION = YES;
				CLANG_WARN_OBJC_IMPLICIT_RETAIN_SELF = YES;
				CLANG_WARN_OBJC_LITERAL_CONVERSION = YES;
				CLANG_WARN_OBJC_ROOT_CLASS = YES_ERROR;
				CLANG_WARN_QUOTED_INCLUDE_IN_FRAMEWORK_HEADER = YES;
				CLANG_WARN_RANGE_LOOP_ANALYSIS = YES;
				CLANG_WARN_STRICT_PROTOTYPES = YES;
				CLANG_WARN_SUSPICIOUS_MOVE = YES;
				CLANG_WARN_UNGUARDED_AVAILABILITY = YES_AGGRESSIVE;
				CLANG_WARN_UNREACHABLE_CODE = YES;
				CLANG_WARN__DUPLICATE_METHOD_MATCH = YES;
				COPY_PHASE_STRIP = NO;
				DEBUG_INFORMATION_FORMAT = "dwarf-with-dsym";
				ENABLE_NS_ASSERTIONS = NO;
				ENABLE_STRICT_OBJC_MSGSEND = YES;
				ENABLE_USER_SCRIPT_SANDBOXING = YES;
				GCC_C_LANGUAGE_STANDARD = gnu17;
				GCC_NO_COMMON_BLOCKS = YES;
				GCC_WARN_64_TO_32_BIT_CONVERSION = YES;
				GCC_WARN_ABOUT_RETURN_TYPE = YES_ERROR;
				GCC_WARN_UNDECLARED_SELECTOR = YES;
				GCC_WARN_UNINITIALIZED_AUTOS = YES_AGGRESSIVE;
				GCC_WARN_UNUSED_FUNCTION = YES;
				GCC_WARN_UNUSED_VARIABLE = YES;
				IPHONEOS_DEPLOYMENT_TARGET = 17.5;
				LOCALIZATION_PREFERS_STRING_CATALOGS = YES;
				MTL_ENABLE_DEBUG_INFO = NO;
				MTL_FAST_MATH = YES;
				SDKROOT = iphoneos;
				SWIFT_COMPILATION_MODE = wholemodule;
				VALIDATE_PRODUCT = YES;
			};
			name = Release;
		};
		871740682ED9610600161FC0 /* Debug */ = {
			isa = XCBuildConfiguration;
			buildSettings = {
				ASSETCATALOG_COMPILER_APPICON_NAME = AppIcon;
				ASSETCATALOG_COMPILER_GLOBAL_ACCENT_COLOR_NAME = AccentColor;
				CODE_SIGN_STYLE = Automatic;
				CURRENT_PROJECT_VERSION = 1;
				DEVELOPMENT_ASSET_PATHS = "\"WhoTexted/Preview Content\"";
				DEVELOPMENT_TEAM = K388V9423D;
				ENABLE_PREVIEWS = YES;
				GENERATE_INFOPLIST_FILE = YES;
				INFOPLIST_KEY_UIApplicationSceneManifest_Generation = YES;
				INFOPLIST_KEY_UIApplicationSupportsIndirectInputEvents = YES;
				INFOPLIST_KEY_UILaunchScreen_Generation = YES;
				INFOPLIST_KEY_UISupportedInterfaceOrientations_iPad = "UIInterfaceOrientationPortrait UIInterfaceOrientationPortraitUpsideDown UIInterfaceOrientationLandscapeLeft UIInterfaceOrientationLandscapeRight";
				INFOPLIST_KEY_UISupportedInterfaceOrientations_iPhone = "UIInterfaceOrientationPortrait UIInterfaceOrientationLandscapeLeft UIInterfaceOrientationLandscapeRight";
				LD_RUNPATH_SEARCH_PATHS = (
					"$(inherited)",
					"@executable_path/Frameworks",
				);
				MARKETING_VERSION = 1.0;
				PRODUCT_BUNDLE_IDENTIFIER = akimender.WhoTexted;
				PRODUCT_NAME = "$(TARGET_NAME)";
				SWIFT_EMIT_LOC_STRINGS = YES;
				SWIFT_VERSION = 5.0;
				TARGETED_DEVICE_FAMILY = "1,2";
			};
			name = Debug;
		};
		871740692ED9610600161FC0 /* Release */ = {
			isa = XCBuildConfiguration;
			buildSettings = {
				ASSETCATALOG_COMPILER_APPICON_NAME = AppIcon;
				ASSETCATALOG_COMPILER_GLOBAL_ACCENT_COLOR_NAME = AccentColor;
				CODE_SIGN_STYLE = Automatic;
				CURRENT_PROJECT_VERSION = 1;
				DEVELOPMENT_ASSET_PATHS = "\"WhoTexted/Preview Content\"";
				DEVELOPMENT_TEAM = K388V9423D;
				ENABLE_PREVIEWS = YES;
				GENERATE_INFOPLIST_FILE = YES;
				INFOPLIST_KEY_UIApplicationSceneManifest_Generation = YES;
				INFOPLIST_KEY_UIApplicationSupportsIndirectInputEvents = YES;
				INFOPLIST_KEY_UILaunchScreen_Generation = YES;
				INFOPLIST_KEY_UISupportedInterfaceOrientations_iPad = "UIInterfaceOrientationPortrait UIInterfaceOrientationPortraitUpsideDown UIInterfaceOrientationLandscapeLeft UIInterfaceOrientationLandscapeRight";
				INFOPLIST_KEY_UISupportedInterfaceOrientations_iPhone = "UIInterfaceOrientationPortrait UIInterfaceOrientationLandscapeLeft UIInterfaceOrientationLandscapeRight";
				LD_RUNPATH_SEARCH_PATHS = (
					"$(inherited)",
					"@executable_path/Frameworks",
				);
				MARKETING_VERSION = 1.0;
				PRODUCT_BUNDLE_IDENTIFIER = akimender.WhoTexted;
				PRODUCT_NAME = "$(TARGET_NAME)";
				SWIFT_EMIT_LOC_STRINGS = YES;
				SWIFT_VERSION = 5.0;
				TARGETED_DEVICE_FAMILY = "1,2";
			};
			name = Release;
		};
		8717406B2ED9610600161FC0 /* Debug */ = {
			isa = XCBuildConfiguration;
			buildSettings = {
				ALWAYS_EMBED_SWIFT_STANDARD_LIBRARIES = YES;
				BUNDLE_LOADER = "$(TEST_HOST)";
				CODE_SIGN_STYLE = Automatic;
				CURRENT_PROJECT_VERSION = 1;
				DEVELOPMENT_TEAM = K388V9423D;
				GENERATE_INFOPLIST_FILE = YES;
				IPHONEOS_DEPLOYMENT_TARGET = 17.5;
				MARKETING_VERSION = 1.0;
				PRODUCT_BUNDLE_IDENTIFIER = akimender.WhoTextedTests;
				PRODUCT_NAME = "$(TARGET_NAME)";
				SWIFT_EMIT_LOC_STRINGS = NO;
				SWIFT_VERSION = 5.0;
				TARGETED_DEVICE_FAMILY = "1,2";
				TEST_HOST = "$(BUILT_PRODUCTS_DIR)/WhoTexted.app/$(BUNDLE_EXECUTABLE_FOLDER_PATH)/WhoTexted";
			};
			name = Debug;
		};
		8717406C2ED9610600161FC0 /* Release */ = {
			isa = XCBuildConfiguration;
			buildSettings = {
				ALWAYS_EMBED_SWIFT_STANDARD_LIBRARIES = YES;
				BUNDLE_LOADER = "$(TEST_HOST)";
				CODE_SIGN_STYLE = Automatic;
				CURRENT_PROJECT_VERSION = 1;
				DEVELOPMENT_TEAM = K388V9423D;
				GENERATE_INFOPLIST_FILE = YES;
				IPHONEOS_DEPLOYMENT_TARGET = 17.5;
				MARKETING_VERSION = 1.0;
				PRODUCT_BUNDLE_IDENTIFIER = akimender.WhoTextedTests;
				PRODUCT_NAME = "$(TARGET_NAME)";
				SWIFT_EMIT_LOC_STRINGS = NO;
				SWIFT_VERSION = 5.0;
				TARGETED_DEVICE_FAMILY = "1,2";
				TEST_HOST = "$(BUILT_PRODUCTS_DIR)/WhoTexted.app/$(BUNDLE_EXECUTABLE_FOLDER_PATH)/WhoTexted";
			};
			name = Release;
		};
		8717406E2ED9610600161FC0 /* Debug */ = {
			isa = XCBuildConfiguration;
			buildSettings = {
				ALWAYS_EMBED_SWIFT_STANDARD_LIBRARIES = YES;
				CODE_SIGN_STYLE = Automatic;
				CURRENT_PROJECT_VERSION = 1;
				DEVELOPMENT_TEAM = K388V9423D;
				GENERATE_INFOPLIST_FILE = YES;
				MARKETING_VERSION = 1.0;
				PRODUCT_BUNDLE_IDENTIFIER = akimender.WhoTextedUITests;
				PRODUCT_NAME = "$(TARGET_NAME)";
				SWIFT_EMIT_LOC_STRINGS = NO;
				SWIFT_VERSION = 5.0;
				TARGETED_DEVICE_FAMILY = "1,2";
				TEST_TARGET_NAME = WhoTexted;
			};
			name = Debug;
		};
		8717406F2ED9610600161FC0 /* Release */ = {
			isa = XCBuildConfiguration;
			buildSettings = {
				ALWAYS_EMBED_SWIFT_STANDARD_LIBRARIES = YES;
				CODE_SIGN_STYLE = Automatic;
				CURRENT_PROJECT_VERSION = 1;
				DEVELOPMENT_TEAM = K388V9423D;
				GENERATE_INFOPLIST_FILE = YES;
				MARKETING_VERSION = 1.0;
				PRODUCT_BUNDLE_IDENTIFIER = akimender.WhoTextedUITests;
				PRODUCT_NAME = "$(TARGET_NAME)";
				SWIFT_EMIT_LOC_STRINGS = NO;
				SWIFT_VERSION = 5.0;
				TARGETED_DEVICE_FAMILY = "1,2";
				TEST_TARGET_NAME = WhoTexted;
			};
			name = Release;
		};
/* End XCBuildConfiguration section */

/* Begin XCConfigurationList section */
		8717403E2ED9610500161FC0 /* Build configuration list for PBXProject "WhoTexted" */ = {
			isa = XCConfigurationList;
			buildConfigurations = (
				871740652ED9610600161FC0 /* Debug */,
				871740662ED9610600161FC0 /* Release */,
			);
			defaultConfigurationIsVisible = 0;
			defaultConfigurationName = Release;
		};
		871740672ED9610600161FC0 /* Build configuration list for PBXNativeTarget "WhoTexted" */ = {
			isa = XCConfigurationList;
			buildConfigurations = (
				871740682ED9610600161FC0 /* Debug */,
				871740692ED9610600161FC0 /* Release */,
			);
			defaultConfigurationIsVisible = 0;
			defaultConfigurationName = Release;
		};
		8717406A2ED9610600161FC0 /* Build configuration list for PBXNativeTarget "WhoTextedTests" */ = {
			isa = XCConfigurationList;
			buildConfigurations = (
				8717406B2ED9610600161FC0 /* Debug */,
				8717406C2ED9610600161FC0 /* Release */,
			);
			defaultConfigurationIsVisible = 0;
			defaultConfigurationName = Release;
		};
		8717406D2ED9610600161FC0 /* Build configuration list for PBXNativeTarget "WhoTextedUITests" */ = {
			isa = XCConfigurationList;
			buildConfigurations = (
				8717406E2ED9610600161FC0 /* Debug */,
				8717406F2ED9610600161FC0 /* Release */,
			);
			defaultConfigurationIsVisible = 0;
			defaultConfigurationName = Release;
		};
/* End XCConfigurationList section */
	};
	rootObject = 8717403B2ED9610500161FC0 /* Project object */;
}
